
Microsoft Visual Studio Solution File, Format Version 12.00
# Visual Studio Version 16
VisualStudioVersion = 16.0.29006.145
MinimumVisualStudioVersion = 10.0.40219.1
Project("{FAE04EC0-301F-11D3-BF4B-00C04F79EFBC}") = "VtNetCore.UWP", "VtNetCore.UWP\VtNetCore.UWP.csproj", "{1D4153D2-7653-47D1-8412-A2623052F6B9}"
EndProject
Project("{9A19103F-16F7-4668-BE54-9A1E7A4F7556}") = "VtNetCore", "modules\VtNetCore\VtNetCore\VtNetCore.csproj", "{4480AD73-B513-4714-9EEA-B5AE011C1B0E}"
EndProject
Project("{9A19103F-16F7-4668-BE54-9A1E7A4F7556}") = "VtNetCoreUnitTests", "modules\VtNetCore\VtNetCore.Unit.Tests\VtNetCoreUnitTests.csproj", "{AB134555-EBE0-4F6C-B2BC-26CD6014AAB4}"
EndProject
Project("{2150E333-8FDC-42A3-9474-1A3956D46DE8}") = "Modules", "Modules", "{F7315C17-4F9E-4050-9EDB-FE818EFCAD49}"
EndProject
Project("{2150E333-8FDC-42A3-9474-1A3956D46DE8}") = "Solution Items", "Solution Items", "{76714614-E920-4E47-BD46-439FDD7CD248}"
	ProjectSection(SolutionItems) = preProject
		README.md = README.md
	EndProjectSection
EndProject
Project("{2150E333-8FDC-42A3-9474-1A3956D46DE8}") = "Examples", "Examples", "{EFCD0E65-630E-4E78-8727-88D6911B256A}"
EndProject
Project("{FAE04EC0-301F-11D3-BF4B-00C04F79EFBC}") = "TerminalDemo", "Examples\TerminalDemo\TerminalDemo.csproj", "{C523136C-52DC-4E80-978B-BFD8BDEAAF7B}"
EndProject
Project("{9A19103F-16F7-4668-BE54-9A1E7A4F7556}") = "VtConnect", "modules\VtConnect\VtConnect\VtConnect.csproj", "{913F9928-FB03-4C5B-9C48-5DEE7185FEF6}"
EndProject
Project("{9A19103F-16F7-4668-BE54-9A1E7A4F7556}") = "Renci.SshNet.NETCore", "modules\SSH.NET\src\Renci.SshNet.NETCore\Renci.SshNet.NETCore.csproj", "{73D5AAC0-8CBD-4ECC-BD97-E57C37253A43}"
EndProject
Global
	GlobalSection(SolutionConfigurationPlatforms) = preSolution
		Debug VtNetCore.Uwp|Any CPU = Debug VtNetCore.Uwp|Any CPU
		Debug VtNetCore.Uwp|ARM = Debug VtNetCore.Uwp|ARM
		Debug VtNetCore.Uwp|ARM64 = Debug VtNetCore.Uwp|ARM64
		Debug VtNetCore.Uwp|x64 = Debug VtNetCore.Uwp|x64
		Debug VtNetCore.Uwp|x86 = Debug VtNetCore.Uwp|x86
		Debug|Any CPU = Debug|Any CPU
		Debug|ARM = Debug|ARM
		Debug|ARM64 = Debug|ARM64
		Debug|x64 = Debug|x64
		Debug|x86 = Debug|x86
		Mac Debug|Any CPU = Mac Debug|Any CPU
		Mac Debug|ARM = Mac Debug|ARM
		Mac Debug|ARM64 = Mac Debug|ARM64
		Mac Debug|x64 = Mac Debug|x64
		Mac Debug|x86 = Mac Debug|x86
		Mac Release|Any CPU = Mac Release|Any CPU
		Mac Release|ARM = Mac Release|ARM
		Mac Release|ARM64 = Mac Release|ARM64
		Mac Release|x64 = Mac Release|x64
		Mac Release|x86 = Mac Release|x86
		Not optimized Release|Any CPU = Not optimized Release|Any CPU
		Not optimized Release|ARM = Not optimized Release|ARM
		Not optimized Release|ARM64 = Not optimized Release|ARM64
		Not optimized Release|x64 = Not optimized Release|x64
		Not optimized Release|x86 = Not optimized Release|x86
		Release|Any CPU = Release|Any CPU
		Release|ARM = Release|ARM
		Release|ARM64 = Release|ARM64
		Release|x64 = Release|x64
		Release|x86 = Release|x86
	EndGlobalSection
	GlobalSection(ProjectConfigurationPlatforms) = postSolution
		{1D4153D2-7653-47D1-8412-A2623052F6B9}.Debug VtNetCore.Uwp|Any CPU.ActiveCfg = Debug VtNetCore.Uwp|Any CPU
		{1D4153D2-7653-47D1-8412-A2623052F6B9}.Debug VtNetCore.Uwp|Any CPU.Build.0 = Debug VtNetCore.Uwp|Any CPU
		{1D4153D2-7653-47D1-8412-A2623052F6B9}.Debug VtNetCore.Uwp|ARM.ActiveCfg = Debug VtNetCore.Uwp|ARM
		{1D4153D2-7653-47D1-8412-A2623052F6B9}.Debug VtNetCore.Uwp|ARM.Build.0 = Debug VtNetCore.Uwp|ARM
		{1D4153D2-7653-47D1-8412-A2623052F6B9}.Debug VtNetCore.Uwp|ARM64.ActiveCfg = Debug VtNetCore.Uwp|Any CPU
		{1D4153D2-7653-47D1-8412-A2623052F6B9}.Debug VtNetCore.Uwp|ARM64.Build.0 = Debug VtNetCore.Uwp|Any CPU
		{1D4153D2-7653-47D1-8412-A2623052F6B9}.Debug VtNetCore.Uwp|x64.ActiveCfg = Debug VtNetCore.Uwp|x64
		{1D4153D2-7653-47D1-8412-A2623052F6B9}.Debug VtNetCore.Uwp|x64.Build.0 = Debug VtNetCore.Uwp|x64
		{1D4153D2-7653-47D1-8412-A2623052F6B9}.Debug VtNetCore.Uwp|x86.ActiveCfg = Debug VtNetCore.Uwp|x86
		{1D4153D2-7653-47D1-8412-A2623052F6B9}.Debug VtNetCore.Uwp|x86.Build.0 = Debug VtNetCore.Uwp|x86
		{1D4153D2-7653-47D1-8412-A2623052F6B9}.Debug|Any CPU.ActiveCfg = Debug|Any CPU
		{1D4153D2-7653-47D1-8412-A2623052F6B9}.Debug|Any CPU.Build.0 = Debug|Any CPU
		{1D4153D2-7653-47D1-8412-A2623052F6B9}.Debug|ARM.ActiveCfg = Debug|ARM
		{1D4153D2-7653-47D1-8412-A2623052F6B9}.Debug|ARM.Build.0 = Debug|ARM
		{1D4153D2-7653-47D1-8412-A2623052F6B9}.Debug|ARM64.ActiveCfg = Debug|Any CPU
		{1D4153D2-7653-47D1-8412-A2623052F6B9}.Debug|ARM64.Build.0 = Debug|Any CPU
		{1D4153D2-7653-47D1-8412-A2623052F6B9}.Debug|x64.ActiveCfg = Debug|x64
		{1D4153D2-7653-47D1-8412-A2623052F6B9}.Debug|x64.Build.0 = Debug|x64
		{1D4153D2-7653-47D1-8412-A2623052F6B9}.Debug|x86.ActiveCfg = Debug|x86
		{1D4153D2-7653-47D1-8412-A2623052F6B9}.Debug|x86.Build.0 = Debug|x86
		{1D4153D2-7653-47D1-8412-A2623052F6B9}.Mac Debug|Any CPU.ActiveCfg = Debug|Any CPU
		{1D4153D2-7653-47D1-8412-A2623052F6B9}.Mac Debug|Any CPU.Build.0 = Debug|Any CPU
		{1D4153D2-7653-47D1-8412-A2623052F6B9}.Mac Debug|ARM.ActiveCfg = Debug|ARM
		{1D4153D2-7653-47D1-8412-A2623052F6B9}.Mac Debug|ARM.Build.0 = Debug|ARM
		{1D4153D2-7653-47D1-8412-A2623052F6B9}.Mac Debug|ARM64.ActiveCfg = Debug|Any CPU
		{1D4153D2-7653-47D1-8412-A2623052F6B9}.Mac Debug|ARM64.Build.0 = Debug|Any CPU
		{1D4153D2-7653-47D1-8412-A2623052F6B9}.Mac Debug|x64.ActiveCfg = Debug|x64
		{1D4153D2-7653-47D1-8412-A2623052F6B9}.Mac Debug|x64.Build.0 = Debug|x64
		{1D4153D2-7653-47D1-8412-A2623052F6B9}.Mac Debug|x86.ActiveCfg = Debug|x86
		{1D4153D2-7653-47D1-8412-A2623052F6B9}.Mac Debug|x86.Build.0 = Debug|x86
		{1D4153D2-7653-47D1-8412-A2623052F6B9}.Mac Release|Any CPU.ActiveCfg = Release|Any CPU
		{1D4153D2-7653-47D1-8412-A2623052F6B9}.Mac Release|Any CPU.Build.0 = Release|Any CPU
		{1D4153D2-7653-47D1-8412-A2623052F6B9}.Mac Release|ARM.ActiveCfg = Release|ARM
		{1D4153D2-7653-47D1-8412-A2623052F6B9}.Mac Release|ARM.Build.0 = Release|ARM
		{1D4153D2-7653-47D1-8412-A2623052F6B9}.Mac Release|ARM64.ActiveCfg = Release|Any CPU
		{1D4153D2-7653-47D1-8412-A2623052F6B9}.Mac Release|ARM64.Build.0 = Release|Any CPU
		{1D4153D2-7653-47D1-8412-A2623052F6B9}.Mac Release|x64.ActiveCfg = Release|x64
		{1D4153D2-7653-47D1-8412-A2623052F6B9}.Mac Release|x64.Build.0 = Release|x64
		{1D4153D2-7653-47D1-8412-A2623052F6B9}.Mac Release|x86.ActiveCfg = Release|x86
		{1D4153D2-7653-47D1-8412-A2623052F6B9}.Mac Release|x86.Build.0 = Release|x86
		{1D4153D2-7653-47D1-8412-A2623052F6B9}.Not optimized Release|Any CPU.ActiveCfg = Release|Any CPU
		{1D4153D2-7653-47D1-8412-A2623052F6B9}.Not optimized Release|Any CPU.Build.0 = Release|Any CPU
		{1D4153D2-7653-47D1-8412-A2623052F6B9}.Not optimized Release|ARM.ActiveCfg = Release|ARM
		{1D4153D2-7653-47D1-8412-A2623052F6B9}.Not optimized Release|ARM.Build.0 = Release|ARM
		{1D4153D2-7653-47D1-8412-A2623052F6B9}.Not optimized Release|ARM64.ActiveCfg = Release|Any CPU
		{1D4153D2-7653-47D1-8412-A2623052F6B9}.Not optimized Release|ARM64.Build.0 = Release|Any CPU
		{1D4153D2-7653-47D1-8412-A2623052F6B9}.Not optimized Release|x64.ActiveCfg = Release|x64
		{1D4153D2-7653-47D1-8412-A2623052F6B9}.Not optimized Release|x64.Build.0 = Release|x64
		{1D4153D2-7653-47D1-8412-A2623052F6B9}.Not optimized Release|x86.ActiveCfg = Release|x86
		{1D4153D2-7653-47D1-8412-A2623052F6B9}.Not optimized Release|x86.Build.0 = Release|x86
		{1D4153D2-7653-47D1-8412-A2623052F6B9}.Release|Any CPU.ActiveCfg = Release|Any CPU
		{1D4153D2-7653-47D1-8412-A2623052F6B9}.Release|Any CPU.Build.0 = Release|Any CPU
		{1D4153D2-7653-47D1-8412-A2623052F6B9}.Release|ARM.ActiveCfg = Release|ARM
		{1D4153D2-7653-47D1-8412-A2623052F6B9}.Release|ARM.Build.0 = Release|ARM
		{1D4153D2-7653-47D1-8412-A2623052F6B9}.Release|ARM64.ActiveCfg = Release|Any CPU
		{1D4153D2-7653-47D1-8412-A2623052F6B9}.Release|ARM64.Build.0 = Release|Any CPU
		{1D4153D2-7653-47D1-8412-A2623052F6B9}.Release|x64.ActiveCfg = Release|x64
		{1D4153D2-7653-47D1-8412-A2623052F6B9}.Release|x64.Build.0 = Release|x64
		{1D4153D2-7653-47D1-8412-A2623052F6B9}.Release|x86.ActiveCfg = Release|x86
		{1D4153D2-7653-47D1-8412-A2623052F6B9}.Release|x86.Build.0 = Release|x86
		{4480AD73-B513-4714-9EEA-B5AE011C1B0E}.Debug VtNetCore.Uwp|Any CPU.ActiveCfg = Debug|Any CPU
		{4480AD73-B513-4714-9EEA-B5AE011C1B0E}.Debug VtNetCore.Uwp|Any CPU.Build.0 = Debug|Any CPU
		{4480AD73-B513-4714-9EEA-B5AE011C1B0E}.Debug VtNetCore.Uwp|ARM.ActiveCfg = Debug|Any CPU
		{4480AD73-B513-4714-9EEA-B5AE011C1B0E}.Debug VtNetCore.Uwp|ARM.Build.0 = Debug|Any CPU
		{4480AD73-B513-4714-9EEA-B5AE011C1B0E}.Debug VtNetCore.Uwp|ARM64.ActiveCfg = Debug|Any CPU
		{4480AD73-B513-4714-9EEA-B5AE011C1B0E}.Debug VtNetCore.Uwp|ARM64.Build.0 = Debug|Any CPU
		{4480AD73-B513-4714-9EEA-B5AE011C1B0E}.Debug VtNetCore.Uwp|x64.ActiveCfg = Debug|Any CPU
		{4480AD73-B513-4714-9EEA-B5AE011C1B0E}.Debug VtNetCore.Uwp|x64.Build.0 = Debug|Any CPU
		{4480AD73-B513-4714-9EEA-B5AE011C1B0E}.Debug VtNetCore.Uwp|x86.ActiveCfg = Debug|Any CPU
		{4480AD73-B513-4714-9EEA-B5AE011C1B0E}.Debug VtNetCore.Uwp|x86.Build.0 = Debug|Any CPU
		{4480AD73-B513-4714-9EEA-B5AE011C1B0E}.Debug|Any CPU.ActiveCfg = Debug|Any CPU
		{4480AD73-B513-4714-9EEA-B5AE011C1B0E}.Debug|Any CPU.Build.0 = Debug|Any CPU
		{4480AD73-B513-4714-9EEA-B5AE011C1B0E}.Debug|ARM.ActiveCfg = Debug|Any CPU
		{4480AD73-B513-4714-9EEA-B5AE011C1B0E}.Debug|ARM.Build.0 = Debug|Any CPU
		{4480AD73-B513-4714-9EEA-B5AE011C1B0E}.Debug|ARM64.ActiveCfg = Debug|Any CPU
		{4480AD73-B513-4714-9EEA-B5AE011C1B0E}.Debug|ARM64.Build.0 = Debug|Any CPU
		{4480AD73-B513-4714-9EEA-B5AE011C1B0E}.Debug|x64.ActiveCfg = Debug|Any CPU
		{4480AD73-B513-4714-9EEA-B5AE011C1B0E}.Debug|x64.Build.0 = Debug|Any CPU
		{4480AD73-B513-4714-9EEA-B5AE011C1B0E}.Debug|x86.ActiveCfg = Debug|Any CPU
		{4480AD73-B513-4714-9EEA-B5AE011C1B0E}.Debug|x86.Build.0 = Debug|Any CPU
		{4480AD73-B513-4714-9EEA-B5AE011C1B0E}.Mac Debug|Any CPU.ActiveCfg = Debug|Any CPU
		{4480AD73-B513-4714-9EEA-B5AE011C1B0E}.Mac Debug|Any CPU.Build.0 = Debug|Any CPU
		{4480AD73-B513-4714-9EEA-B5AE011C1B0E}.Mac Debug|ARM.ActiveCfg = Debug|Any CPU
		{4480AD73-B513-4714-9EEA-B5AE011C1B0E}.Mac Debug|ARM.Build.0 = Debug|Any CPU
		{4480AD73-B513-4714-9EEA-B5AE011C1B0E}.Mac Debug|ARM64.ActiveCfg = Debug|Any CPU
		{4480AD73-B513-4714-9EEA-B5AE011C1B0E}.Mac Debug|ARM64.Build.0 = Debug|Any CPU
		{4480AD73-B513-4714-9EEA-B5AE011C1B0E}.Mac Debug|x64.ActiveCfg = Debug|Any CPU
		{4480AD73-B513-4714-9EEA-B5AE011C1B0E}.Mac Debug|x64.Build.0 = Debug|Any CPU
		{4480AD73-B513-4714-9EEA-B5AE011C1B0E}.Mac Debug|x86.ActiveCfg = Debug|Any CPU
		{4480AD73-B513-4714-9EEA-B5AE011C1B0E}.Mac Debug|x86.Build.0 = Debug|Any CPU
		{4480AD73-B513-4714-9EEA-B5AE011C1B0E}.Mac Release|Any CPU.ActiveCfg = Release|Any CPU
		{4480AD73-B513-4714-9EEA-B5AE011C1B0E}.Mac Release|Any CPU.Build.0 = Release|Any CPU
		{4480AD73-B513-4714-9EEA-B5AE011C1B0E}.Mac Release|ARM.ActiveCfg = Release|Any CPU
		{4480AD73-B513-4714-9EEA-B5AE011C1B0E}.Mac Release|ARM.Build.0 = Release|Any CPU
		{4480AD73-B513-4714-9EEA-B5AE011C1B0E}.Mac Release|ARM64.ActiveCfg = Release|Any CPU
		{4480AD73-B513-4714-9EEA-B5AE011C1B0E}.Mac Release|ARM64.Build.0 = Release|Any CPU
		{4480AD73-B513-4714-9EEA-B5AE011C1B0E}.Mac Release|x64.ActiveCfg = Release|Any CPU
		{4480AD73-B513-4714-9EEA-B5AE011C1B0E}.Mac Release|x64.Build.0 = Release|Any CPU
		{4480AD73-B513-4714-9EEA-B5AE011C1B0E}.Mac Release|x86.ActiveCfg = Release|Any CPU
		{4480AD73-B513-4714-9EEA-B5AE011C1B0E}.Mac Release|x86.Build.0 = Release|Any CPU
		{4480AD73-B513-4714-9EEA-B5AE011C1B0E}.Not optimized Release|Any CPU.ActiveCfg = Release|Any CPU
		{4480AD73-B513-4714-9EEA-B5AE011C1B0E}.Not optimized Release|Any CPU.Build.0 = Release|Any CPU
		{4480AD73-B513-4714-9EEA-B5AE011C1B0E}.Not optimized Release|ARM.ActiveCfg = Release|Any CPU
		{4480AD73-B513-4714-9EEA-B5AE011C1B0E}.Not optimized Release|ARM.Build.0 = Release|Any CPU
		{4480AD73-B513-4714-9EEA-B5AE011C1B0E}.Not optimized Release|ARM64.ActiveCfg = Release|Any CPU
		{4480AD73-B513-4714-9EEA-B5AE011C1B0E}.Not optimized Release|ARM64.Build.0 = Release|Any CPU
		{4480AD73-B513-4714-9EEA-B5AE011C1B0E}.Not optimized Release|x64.ActiveCfg = Release|Any CPU
		{4480AD73-B513-4714-9EEA-B5AE011C1B0E}.Not optimized Release|x64.Build.0 = Release|Any CPU
		{4480AD73-B513-4714-9EEA-B5AE011C1B0E}.Not optimized Release|x86.ActiveCfg = Release|Any CPU
		{4480AD73-B513-4714-9EEA-B5AE011C1B0E}.Not optimized Release|x86.Build.0 = Release|Any CPU
		{4480AD73-B513-4714-9EEA-B5AE011C1B0E}.Release|Any CPU.ActiveCfg = Release|Any CPU
		{4480AD73-B513-4714-9EEA-B5AE011C1B0E}.Release|Any CPU.Build.0 = Release|Any CPU
		{4480AD73-B513-4714-9EEA-B5AE011C1B0E}.Release|ARM.ActiveCfg = Release|Any CPU
		{4480AD73-B513-4714-9EEA-B5AE011C1B0E}.Release|ARM.Build.0 = Release|Any CPU
		{4480AD73-B513-4714-9EEA-B5AE011C1B0E}.Release|ARM64.ActiveCfg = Release|Any CPU
		{4480AD73-B513-4714-9EEA-B5AE011C1B0E}.Release|ARM64.Build.0 = Release|Any CPU
		{4480AD73-B513-4714-9EEA-B5AE011C1B0E}.Release|x64.ActiveCfg = Release|Any CPU
		{4480AD73-B513-4714-9EEA-B5AE011C1B0E}.Release|x64.Build.0 = Release|Any CPU
		{4480AD73-B513-4714-9EEA-B5AE011C1B0E}.Release|x86.ActiveCfg = Release|Any CPU
		{4480AD73-B513-4714-9EEA-B5AE011C1B0E}.Release|x86.Build.0 = Release|Any CPU
		{AB134555-EBE0-4F6C-B2BC-26CD6014AAB4}.Debug VtNetCore.Uwp|Any CPU.ActiveCfg = Debug|Any CPU
		{AB134555-EBE0-4F6C-B2BC-26CD6014AAB4}.Debug VtNetCore.Uwp|Any CPU.Build.0 = Debug|Any CPU
		{AB134555-EBE0-4F6C-B2BC-26CD6014AAB4}.Debug VtNetCore.Uwp|ARM.ActiveCfg = Debug|Any CPU
		{AB134555-EBE0-4F6C-B2BC-26CD6014AAB4}.Debug VtNetCore.Uwp|ARM.Build.0 = Debug|Any CPU
		{AB134555-EBE0-4F6C-B2BC-26CD6014AAB4}.Debug VtNetCore.Uwp|ARM64.ActiveCfg = Debug|Any CPU
		{AB134555-EBE0-4F6C-B2BC-26CD6014AAB4}.Debug VtNetCore.Uwp|ARM64.Build.0 = Debug|Any CPU
		{AB134555-EBE0-4F6C-B2BC-26CD6014AAB4}.Debug VtNetCore.Uwp|x64.ActiveCfg = Debug|Any CPU
		{AB134555-EBE0-4F6C-B2BC-26CD6014AAB4}.Debug VtNetCore.Uwp|x64.Build.0 = Debug|Any CPU
		{AB134555-EBE0-4F6C-B2BC-26CD6014AAB4}.Debug VtNetCore.Uwp|x86.ActiveCfg = Debug|Any CPU
		{AB134555-EBE0-4F6C-B2BC-26CD6014AAB4}.Debug VtNetCore.Uwp|x86.Build.0 = Debug|Any CPU
		{AB134555-EBE0-4F6C-B2BC-26CD6014AAB4}.Debug|Any CPU.ActiveCfg = Debug|Any CPU
		{AB134555-EBE0-4F6C-B2BC-26CD6014AAB4}.Debug|Any CPU.Build.0 = Debug|Any CPU
		{AB134555-EBE0-4F6C-B2BC-26CD6014AAB4}.Debug|ARM.ActiveCfg = Debug|Any CPU
		{AB134555-EBE0-4F6C-B2BC-26CD6014AAB4}.Debug|ARM.Build.0 = Debug|Any CPU
		{AB134555-EBE0-4F6C-B2BC-26CD6014AAB4}.Debug|ARM64.ActiveCfg = Debug|Any CPU
		{AB134555-EBE0-4F6C-B2BC-26CD6014AAB4}.Debug|ARM64.Build.0 = Debug|Any CPU
		{AB134555-EBE0-4F6C-B2BC-26CD6014AAB4}.Debug|x64.ActiveCfg = Debug|Any CPU
		{AB134555-EBE0-4F6C-B2BC-26CD6014AAB4}.Debug|x64.Build.0 = Debug|Any CPU
		{AB134555-EBE0-4F6C-B2BC-26CD6014AAB4}.Debug|x86.ActiveCfg = Debug|Any CPU
		{AB134555-EBE0-4F6C-B2BC-26CD6014AAB4}.Debug|x86.Build.0 = Debug|Any CPU
		{AB134555-EBE0-4F6C-B2BC-26CD6014AAB4}.Mac Debug|Any CPU.ActiveCfg = Debug|Any CPU
		{AB134555-EBE0-4F6C-B2BC-26CD6014AAB4}.Mac Debug|Any CPU.Build.0 = Debug|Any CPU
		{AB134555-EBE0-4F6C-B2BC-26CD6014AAB4}.Mac Debug|ARM.ActiveCfg = Debug|Any CPU
		{AB134555-EBE0-4F6C-B2BC-26CD6014AAB4}.Mac Debug|ARM.Build.0 = Debug|Any CPU
		{AB134555-EBE0-4F6C-B2BC-26CD6014AAB4}.Mac Debug|ARM64.ActiveCfg = Debug|Any CPU
		{AB134555-EBE0-4F6C-B2BC-26CD6014AAB4}.Mac Debug|ARM64.Build.0 = Debug|Any CPU
		{AB134555-EBE0-4F6C-B2BC-26CD6014AAB4}.Mac Debug|x64.ActiveCfg = Debug|Any CPU
		{AB134555-EBE0-4F6C-B2BC-26CD6014AAB4}.Mac Debug|x64.Build.0 = Debug|Any CPU
		{AB134555-EBE0-4F6C-B2BC-26CD6014AAB4}.Mac Debug|x86.ActiveCfg = Debug|Any CPU
		{AB134555-EBE0-4F6C-B2BC-26CD6014AAB4}.Mac Debug|x86.Build.0 = Debug|Any CPU
		{AB134555-EBE0-4F6C-B2BC-26CD6014AAB4}.Mac Release|Any CPU.ActiveCfg = Release|Any CPU
		{AB134555-EBE0-4F6C-B2BC-26CD6014AAB4}.Mac Release|Any CPU.Build.0 = Release|Any CPU
		{AB134555-EBE0-4F6C-B2BC-26CD6014AAB4}.Mac Release|ARM.ActiveCfg = Release|Any CPU
		{AB134555-EBE0-4F6C-B2BC-26CD6014AAB4}.Mac Release|ARM.Build.0 = Release|Any CPU
		{AB134555-EBE0-4F6C-B2BC-26CD6014AAB4}.Mac Release|ARM64.ActiveCfg = Release|Any CPU
		{AB134555-EBE0-4F6C-B2BC-26CD6014AAB4}.Mac Release|ARM64.Build.0 = Release|Any CPU
		{AB134555-EBE0-4F6C-B2BC-26CD6014AAB4}.Mac Release|x64.ActiveCfg = Release|Any CPU
		{AB134555-EBE0-4F6C-B2BC-26CD6014AAB4}.Mac Release|x64.Build.0 = Release|Any CPU
		{AB134555-EBE0-4F6C-B2BC-26CD6014AAB4}.Mac Release|x86.ActiveCfg = Release|Any CPU
		{AB134555-EBE0-4F6C-B2BC-26CD6014AAB4}.Mac Release|x86.Build.0 = Release|Any CPU
		{AB134555-EBE0-4F6C-B2BC-26CD6014AAB4}.Not optimized Release|Any CPU.ActiveCfg = Release|Any CPU
		{AB134555-EBE0-4F6C-B2BC-26CD6014AAB4}.Not optimized Release|Any CPU.Build.0 = Release|Any CPU
		{AB134555-EBE0-4F6C-B2BC-26CD6014AAB4}.Not optimized Release|ARM.ActiveCfg = Release|Any CPU
		{AB134555-EBE0-4F6C-B2BC-26CD6014AAB4}.Not optimized Release|ARM.Build.0 = Release|Any CPU
		{AB134555-EBE0-4F6C-B2BC-26CD6014AAB4}.Not optimized Release|ARM64.ActiveCfg = Release|Any CPU
		{AB134555-EBE0-4F6C-B2BC-26CD6014AAB4}.Not optimized Release|ARM64.Build.0 = Release|Any CPU
		{AB134555-EBE0-4F6C-B2BC-26CD6014AAB4}.Not optimized Release|x64.ActiveCfg = Release|Any CPU
		{AB134555-EBE0-4F6C-B2BC-26CD6014AAB4}.Not optimized Release|x64.Build.0 = Release|Any CPU
		{AB134555-EBE0-4F6C-B2BC-26CD6014AAB4}.Not optimized Release|x86.ActiveCfg = Release|Any CPU
		{AB134555-EBE0-4F6C-B2BC-26CD6014AAB4}.Not optimized Release|x86.Build.0 = Release|Any CPU
		{AB134555-EBE0-4F6C-B2BC-26CD6014AAB4}.Release|Any CPU.ActiveCfg = Release|Any CPU
		{AB134555-EBE0-4F6C-B2BC-26CD6014AAB4}.Release|Any CPU.Build.0 = Release|Any CPU
		{AB134555-EBE0-4F6C-B2BC-26CD6014AAB4}.Release|ARM.ActiveCfg = Release|Any CPU
		{AB134555-EBE0-4F6C-B2BC-26CD6014AAB4}.Release|ARM.Build.0 = Release|Any CPU
		{AB134555-EBE0-4F6C-B2BC-26CD6014AAB4}.Release|ARM64.ActiveCfg = Release|Any CPU
		{AB134555-EBE0-4F6C-B2BC-26CD6014AAB4}.Release|ARM64.Build.0 = Release|Any CPU
		{AB134555-EBE0-4F6C-B2BC-26CD6014AAB4}.Release|x64.ActiveCfg = Release|Any CPU
		{AB134555-EBE0-4F6C-B2BC-26CD6014AAB4}.Release|x64.Build.0 = Release|Any CPU
		{AB134555-EBE0-4F6C-B2BC-26CD6014AAB4}.Release|x86.ActiveCfg = Release|Any CPU
		{AB134555-EBE0-4F6C-B2BC-26CD6014AAB4}.Release|x86.Build.0 = Release|Any CPU
		{C523136C-52DC-4E80-978B-BFD8BDEAAF7B}.Debug VtNetCore.Uwp|Any CPU.ActiveCfg = Release|x64
		{C523136C-52DC-4E80-978B-BFD8BDEAAF7B}.Debug VtNetCore.Uwp|Any CPU.Build.0 = Release|x64
		{C523136C-52DC-4E80-978B-BFD8BDEAAF7B}.Debug VtNetCore.Uwp|Any CPU.Deploy.0 = Release|x64
		{C523136C-52DC-4E80-978B-BFD8BDEAAF7B}.Debug VtNetCore.Uwp|ARM.ActiveCfg = Debug|ARM
		{C523136C-52DC-4E80-978B-BFD8BDEAAF7B}.Debug VtNetCore.Uwp|ARM.Build.0 = Debug|ARM
		{C523136C-52DC-4E80-978B-BFD8BDEAAF7B}.Debug VtNetCore.Uwp|ARM.Deploy.0 = Debug|ARM
		{C523136C-52DC-4E80-978B-BFD8BDEAAF7B}.Debug VtNetCore.Uwp|ARM64.ActiveCfg = Debug|ARM64
		{C523136C-52DC-4E80-978B-BFD8BDEAAF7B}.Debug VtNetCore.Uwp|ARM64.Build.0 = Debug|ARM64
		{C523136C-52DC-4E80-978B-BFD8BDEAAF7B}.Debug VtNetCore.Uwp|ARM64.Deploy.0 = Debug|ARM64
		{C523136C-52DC-4E80-978B-BFD8BDEAAF7B}.Debug VtNetCore.Uwp|x64.ActiveCfg = Debug|x64
		{C523136C-52DC-4E80-978B-BFD8BDEAAF7B}.Debug VtNetCore.Uwp|x64.Build.0 = Debug|x64
		{C523136C-52DC-4E80-978B-BFD8BDEAAF7B}.Debug VtNetCore.Uwp|x64.Deploy.0 = Debug|x64
		{C523136C-52DC-4E80-978B-BFD8BDEAAF7B}.Debug VtNetCore.Uwp|x86.ActiveCfg = Debug|x86
		{C523136C-52DC-4E80-978B-BFD8BDEAAF7B}.Debug VtNetCore.Uwp|x86.Build.0 = Debug|x86
		{C523136C-52DC-4E80-978B-BFD8BDEAAF7B}.Debug VtNetCore.Uwp|x86.Deploy.0 = Debug|x86
		{C523136C-52DC-4E80-978B-BFD8BDEAAF7B}.Debug|Any CPU.ActiveCfg = Debug|x86
		{C523136C-52DC-4E80-978B-BFD8BDEAAF7B}.Debug|ARM.ActiveCfg = Debug|ARM
		{C523136C-52DC-4E80-978B-BFD8BDEAAF7B}.Debug|ARM.Build.0 = Debug|ARM
		{C523136C-52DC-4E80-978B-BFD8BDEAAF7B}.Debug|ARM.Deploy.0 = Debug|ARM
		{C523136C-52DC-4E80-978B-BFD8BDEAAF7B}.Debug|ARM64.ActiveCfg = Debug|ARM64
		{C523136C-52DC-4E80-978B-BFD8BDEAAF7B}.Debug|ARM64.Build.0 = Debug|ARM64
		{C523136C-52DC-4E80-978B-BFD8BDEAAF7B}.Debug|ARM64.Deploy.0 = Debug|ARM64
		{C523136C-52DC-4E80-978B-BFD8BDEAAF7B}.Debug|x64.ActiveCfg = Debug|x64
		{C523136C-52DC-4E80-978B-BFD8BDEAAF7B}.Debug|x64.Build.0 = Debug|x64
		{C523136C-52DC-4E80-978B-BFD8BDEAAF7B}.Debug|x64.Deploy.0 = Debug|x64
		{C523136C-52DC-4E80-978B-BFD8BDEAAF7B}.Debug|x86.ActiveCfg = Debug|x86
		{C523136C-52DC-4E80-978B-BFD8BDEAAF7B}.Debug|x86.Build.0 = Debug|x86
		{C523136C-52DC-4E80-978B-BFD8BDEAAF7B}.Debug|x86.Deploy.0 = Debug|x86
		{C523136C-52DC-4E80-978B-BFD8BDEAAF7B}.Mac Debug|Any CPU.ActiveCfg = Release|x64
		{C523136C-52DC-4E80-978B-BFD8BDEAAF7B}.Mac Debug|Any CPU.Build.0 = Release|x64
		{C523136C-52DC-4E80-978B-BFD8BDEAAF7B}.Mac Debug|Any CPU.Deploy.0 = Release|x64
		{C523136C-52DC-4E80-978B-BFD8BDEAAF7B}.Mac Debug|ARM.ActiveCfg = Debug|ARM
		{C523136C-52DC-4E80-978B-BFD8BDEAAF7B}.Mac Debug|ARM.Build.0 = Debug|ARM
		{C523136C-52DC-4E80-978B-BFD8BDEAAF7B}.Mac Debug|ARM.Deploy.0 = Debug|ARM
		{C523136C-52DC-4E80-978B-BFD8BDEAAF7B}.Mac Debug|ARM64.ActiveCfg = Debug|ARM64
		{C523136C-52DC-4E80-978B-BFD8BDEAAF7B}.Mac Debug|ARM64.Build.0 = Debug|ARM64
		{C523136C-52DC-4E80-978B-BFD8BDEAAF7B}.Mac Debug|ARM64.Deploy.0 = Debug|ARM64
		{C523136C-52DC-4E80-978B-BFD8BDEAAF7B}.Mac Debug|x64.ActiveCfg = Debug|x64
		{C523136C-52DC-4E80-978B-BFD8BDEAAF7B}.Mac Debug|x64.Build.0 = Debug|x64
		{C523136C-52DC-4E80-978B-BFD8BDEAAF7B}.Mac Debug|x64.Deploy.0 = Debug|x64
		{C523136C-52DC-4E80-978B-BFD8BDEAAF7B}.Mac Debug|x86.ActiveCfg = Debug|x86
		{C523136C-52DC-4E80-978B-BFD8BDEAAF7B}.Mac Debug|x86.Build.0 = Debug|x86
		{C523136C-52DC-4E80-978B-BFD8BDEAAF7B}.Mac Debug|x86.Deploy.0 = Debug|x86
		{C523136C-52DC-4E80-978B-BFD8BDEAAF7B}.Mac Release|Any CPU.ActiveCfg = Release|x64
		{C523136C-52DC-4E80-978B-BFD8BDEAAF7B}.Mac Release|Any CPU.Build.0 = Release|x64
		{C523136C-52DC-4E80-978B-BFD8BDEAAF7B}.Mac Release|Any CPU.Deploy.0 = Release|x64
		{C523136C-52DC-4E80-978B-BFD8BDEAAF7B}.Mac Release|ARM.ActiveCfg = Release|ARM
		{C523136C-52DC-4E80-978B-BFD8BDEAAF7B}.Mac Release|ARM.Build.0 = Release|ARM
		{C523136C-52DC-4E80-978B-BFD8BDEAAF7B}.Mac Release|ARM.Deploy.0 = Release|ARM
		{C523136C-52DC-4E80-978B-BFD8BDEAAF7B}.Mac Release|ARM64.ActiveCfg = Release|ARM64
		{C523136C-52DC-4E80-978B-BFD8BDEAAF7B}.Mac Release|ARM64.Build.0 = Release|ARM64
		{C523136C-52DC-4E80-978B-BFD8BDEAAF7B}.Mac Release|ARM64.Deploy.0 = Release|ARM64
		{C523136C-52DC-4E80-978B-BFD8BDEAAF7B}.Mac Release|x64.ActiveCfg = Release|x64
		{C523136C-52DC-4E80-978B-BFD8BDEAAF7B}.Mac Release|x64.Build.0 = Release|x64
		{C523136C-52DC-4E80-978B-BFD8BDEAAF7B}.Mac Release|x64.Deploy.0 = Release|x64
		{C523136C-52DC-4E80-978B-BFD8BDEAAF7B}.Mac Release|x86.ActiveCfg = Release|x86
		{C523136C-52DC-4E80-978B-BFD8BDEAAF7B}.Mac Release|x86.Build.0 = Release|x86
		{C523136C-52DC-4E80-978B-BFD8BDEAAF7B}.Mac Release|x86.Deploy.0 = Release|x86
		{C523136C-52DC-4E80-978B-BFD8BDEAAF7B}.Not optimized Release|Any CPU.ActiveCfg = Release|x64
		{C523136C-52DC-4E80-978B-BFD8BDEAAF7B}.Not optimized Release|Any CPU.Build.0 = Release|x64
		{C523136C-52DC-4E80-978B-BFD8BDEAAF7B}.Not optimized Release|Any CPU.Deploy.0 = Release|x64
		{C523136C-52DC-4E80-978B-BFD8BDEAAF7B}.Not optimized Release|ARM.ActiveCfg = Release|ARM
		{C523136C-52DC-4E80-978B-BFD8BDEAAF7B}.Not optimized Release|ARM.Build.0 = Release|ARM
		{C523136C-52DC-4E80-978B-BFD8BDEAAF7B}.Not optimized Release|ARM.Deploy.0 = Release|ARM
		{C523136C-52DC-4E80-978B-BFD8BDEAAF7B}.Not optimized Release|ARM64.ActiveCfg = Release|ARM64
		{C523136C-52DC-4E80-978B-BFD8BDEAAF7B}.Not optimized Release|ARM64.Build.0 = Release|ARM64
		{C523136C-52DC-4E80-978B-BFD8BDEAAF7B}.Not optimized Release|ARM64.Deploy.0 = Release|ARM64
		{C523136C-52DC-4E80-978B-BFD8BDEAAF7B}.Not optimized Release|x64.ActiveCfg = Release|x64
		{C523136C-52DC-4E80-978B-BFD8BDEAAF7B}.Not optimized Release|x64.Build.0 = Release|x64
		{C523136C-52DC-4E80-978B-BFD8BDEAAF7B}.Not optimized Release|x64.Deploy.0 = Release|x64
		{C523136C-52DC-4E80-978B-BFD8BDEAAF7B}.Not optimized Release|x86.ActiveCfg = Release|x86
		{C523136C-52DC-4E80-978B-BFD8BDEAAF7B}.Not optimized Release|x86.Build.0 = Release|x86
		{C523136C-52DC-4E80-978B-BFD8BDEAAF7B}.Not optimized Release|x86.Deploy.0 = Release|x86
		{C523136C-52DC-4E80-978B-BFD8BDEAAF7B}.Release|Any CPU.ActiveCfg = Release|x86
		{C523136C-52DC-4E80-978B-BFD8BDEAAF7B}.Release|ARM.ActiveCfg = Release|ARM
		{C523136C-52DC-4E80-978B-BFD8BDEAAF7B}.Release|ARM.Build.0 = Release|ARM
		{C523136C-52DC-4E80-978B-BFD8BDEAAF7B}.Release|ARM.Deploy.0 = Release|ARM
		{C523136C-52DC-4E80-978B-BFD8BDEAAF7B}.Release|ARM64.ActiveCfg = Release|ARM64
		{C523136C-52DC-4E80-978B-BFD8BDEAAF7B}.Release|ARM64.Build.0 = Release|ARM64
		{C523136C-52DC-4E80-978B-BFD8BDEAAF7B}.Release|ARM64.Deploy.0 = Release|ARM64
		{C523136C-52DC-4E80-978B-BFD8BDEAAF7B}.Release|x64.ActiveCfg = Release|x64
		{C523136C-52DC-4E80-978B-BFD8BDEAAF7B}.Release|x64.Build.0 = Release|x64
		{C523136C-52DC-4E80-978B-BFD8BDEAAF7B}.Release|x64.Deploy.0 = Release|x64
		{C523136C-52DC-4E80-978B-BFD8BDEAAF7B}.Release|x86.ActiveCfg = Release|x86
		{C523136C-52DC-4E80-978B-BFD8BDEAAF7B}.Release|x86.Build.0 = Release|x86
		{C523136C-52DC-4E80-978B-BFD8BDEAAF7B}.Release|x86.Deploy.0 = Release|x86
		{913F9928-FB03-4C5B-9C48-5DEE7185FEF6}.Debug VtNetCore.Uwp|Any CPU.ActiveCfg = Debug|Any CPU
		{913F9928-FB03-4C5B-9C48-5DEE7185FEF6}.Debug VtNetCore.Uwp|Any CPU.Build.0 = Debug|Any CPU
		{913F9928-FB03-4C5B-9C48-5DEE7185FEF6}.Debug VtNetCore.Uwp|ARM.ActiveCfg = Debug|Any CPU
		{913F9928-FB03-4C5B-9C48-5DEE7185FEF6}.Debug VtNetCore.Uwp|ARM.Build.0 = Debug|Any CPU
		{913F9928-FB03-4C5B-9C48-5DEE7185FEF6}.Debug VtNetCore.Uwp|ARM64.ActiveCfg = Debug|Any CPU
		{913F9928-FB03-4C5B-9C48-5DEE7185FEF6}.Debug VtNetCore.Uwp|ARM64.Build.0 = Debug|Any CPU
		{913F9928-FB03-4C5B-9C48-5DEE7185FEF6}.Debug VtNetCore.Uwp|x64.ActiveCfg = Debug|Any CPU
		{913F9928-FB03-4C5B-9C48-5DEE7185FEF6}.Debug VtNetCore.Uwp|x64.Build.0 = Debug|Any CPU
		{913F9928-FB03-4C5B-9C48-5DEE7185FEF6}.Debug VtNetCore.Uwp|x86.ActiveCfg = Debug|Any CPU
		{913F9928-FB03-4C5B-9C48-5DEE7185FEF6}.Debug VtNetCore.Uwp|x86.Build.0 = Debug|Any CPU
		{913F9928-FB03-4C5B-9C48-5DEE7185FEF6}.Debug|Any CPU.ActiveCfg = Debug|Any CPU
		{913F9928-FB03-4C5B-9C48-5DEE7185FEF6}.Debug|Any CPU.Build.0 = Debug|Any CPU
		{913F9928-FB03-4C5B-9C48-5DEE7185FEF6}.Debug|ARM.ActiveCfg = Debug|Any CPU
		{913F9928-FB03-4C5B-9C48-5DEE7185FEF6}.Debug|ARM.Build.0 = Debug|Any CPU
		{913F9928-FB03-4C5B-9C48-5DEE7185FEF6}.Debug|ARM64.ActiveCfg = Debug|Any CPU
		{913F9928-FB03-4C5B-9C48-5DEE7185FEF6}.Debug|ARM64.Build.0 = Debug|Any CPU
		{913F9928-FB03-4C5B-9C48-5DEE7185FEF6}.Debug|x64.ActiveCfg = Debug|Any CPU
		{913F9928-FB03-4C5B-9C48-5DEE7185FEF6}.Debug|x64.Build.0 = Debug|Any CPU
		{913F9928-FB03-4C5B-9C48-5DEE7185FEF6}.Debug|x86.ActiveCfg = Debug|Any CPU
		{913F9928-FB03-4C5B-9C48-5DEE7185FEF6}.Debug|x86.Build.0 = Debug|Any CPU
		{913F9928-FB03-4C5B-9C48-5DEE7185FEF6}.Mac Debug|Any CPU.ActiveCfg = Debug|Any CPU
		{913F9928-FB03-4C5B-9C48-5DEE7185FEF6}.Mac Debug|Any CPU.Build.0 = Debug|Any CPU
		{913F9928-FB03-4C5B-9C48-5DEE7185FEF6}.Mac Debug|ARM.ActiveCfg = Debug|Any CPU
		{913F9928-FB03-4C5B-9C48-5DEE7185FEF6}.Mac Debug|ARM.Build.0 = Debug|Any CPU
		{913F9928-FB03-4C5B-9C48-5DEE7185FEF6}.Mac Debug|ARM64.ActiveCfg = Debug|Any CPU
		{913F9928-FB03-4C5B-9C48-5DEE7185FEF6}.Mac Debug|ARM64.Build.0 = Debug|Any CPU
		{913F9928-FB03-4C5B-9C48-5DEE7185FEF6}.Mac Debug|x64.ActiveCfg = Debug|Any CPU
		{913F9928-FB03-4C5B-9C48-5DEE7185FEF6}.Mac Debug|x64.Build.0 = Debug|Any CPU
		{913F9928-FB03-4C5B-9C48-5DEE7185FEF6}.Mac Debug|x86.ActiveCfg = Debug|Any CPU
		{913F9928-FB03-4C5B-9C48-5DEE7185FEF6}.Mac Debug|x86.Build.0 = Debug|Any CPU
		{913F9928-FB03-4C5B-9C48-5DEE7185FEF6}.Mac Release|Any CPU.ActiveCfg = Release|Any CPU
		{913F9928-FB03-4C5B-9C48-5DEE7185FEF6}.Mac Release|Any CPU.Build.0 = Release|Any CPU
		{913F9928-FB03-4C5B-9C48-5DEE7185FEF6}.Mac Release|ARM.ActiveCfg = Release|Any CPU
		{913F9928-FB03-4C5B-9C48-5DEE7185FEF6}.Mac Release|ARM.Build.0 = Release|Any CPU
		{913F9928-FB03-4C5B-9C48-5DEE7185FEF6}.Mac Release|ARM64.ActiveCfg = Release|Any CPU
		{913F9928-FB03-4C5B-9C48-5DEE7185FEF6}.Mac Release|ARM64.Build.0 = Release|Any CPU
		{913F9928-FB03-4C5B-9C48-5DEE7185FEF6}.Mac Release|x64.ActiveCfg = Release|Any CPU
		{913F9928-FB03-4C5B-9C48-5DEE7185FEF6}.Mac Release|x64.Build.0 = Release|Any CPU
		{913F9928-FB03-4C5B-9C48-5DEE7185FEF6}.Mac Release|x86.ActiveCfg = Release|Any CPU
		{913F9928-FB03-4C5B-9C48-5DEE7185FEF6}.Mac Release|x86.Build.0 = Release|Any CPU
		{913F9928-FB03-4C5B-9C48-5DEE7185FEF6}.Not optimized Release|Any CPU.ActiveCfg = Release|Any CPU
		{913F9928-FB03-4C5B-9C48-5DEE7185FEF6}.Not optimized Release|Any CPU.Build.0 = Release|Any CPU
		{913F9928-FB03-4C5B-9C48-5DEE7185FEF6}.Not optimized Release|ARM.ActiveCfg = Release|Any CPU
		{913F9928-FB03-4C5B-9C48-5DEE7185FEF6}.Not optimized Release|ARM.Build.0 = Release|Any CPU
		{913F9928-FB03-4C5B-9C48-5DEE7185FEF6}.Not optimized Release|ARM64.ActiveCfg = Release|Any CPU
		{913F9928-FB03-4C5B-9C48-5DEE7185FEF6}.Not optimized Release|ARM64.Build.0 = Release|Any CPU
		{913F9928-FB03-4C5B-9C48-5DEE7185FEF6}.Not optimized Release|x64.ActiveCfg = Release|Any CPU
		{913F9928-FB03-4C5B-9C48-5DEE7185FEF6}.Not optimized Release|x64.Build.0 = Release|Any CPU
		{913F9928-FB03-4C5B-9C48-5DEE7185FEF6}.Not optimized Release|x86.ActiveCfg = Release|Any CPU
		{913F9928-FB03-4C5B-9C48-5DEE7185FEF6}.Not optimized Release|x86.Build.0 = Release|Any CPU
		{913F9928-FB03-4C5B-9C48-5DEE7185FEF6}.Release|Any CPU.ActiveCfg = Release|Any CPU
		{913F9928-FB03-4C5B-9C48-5DEE7185FEF6}.Release|Any CPU.Build.0 = Release|Any CPU
		{913F9928-FB03-4C5B-9C48-5DEE7185FEF6}.Release|ARM.ActiveCfg = Release|Any CPU
		{913F9928-FB03-4C5B-9C48-5DEE7185FEF6}.Release|ARM.Build.0 = Release|Any CPU
		{913F9928-FB03-4C5B-9C48-5DEE7185FEF6}.Release|ARM64.ActiveCfg = Release|Any CPU
		{913F9928-FB03-4C5B-9C48-5DEE7185FEF6}.Release|ARM64.Build.0 = Release|Any CPU
		{913F9928-FB03-4C5B-9C48-5DEE7185FEF6}.Release|x64.ActiveCfg = Release|Any CPU
		{913F9928-FB03-4C5B-9C48-5DEE7185FEF6}.Release|x64.Build.0 = Release|Any CPU
		{913F9928-FB03-4C5B-9C48-5DEE7185FEF6}.Release|x86.ActiveCfg = Release|Any CPU
		{913F9928-FB03-4C5B-9C48-5DEE7185FEF6}.Release|x86.Build.0 = Release|Any CPU
		{73D5AAC0-8CBD-4ECC-BD97-E57C37253A43}.Debug VtNetCore.Uwp|Any CPU.ActiveCfg = Debug|Any CPU
		{73D5AAC0-8CBD-4ECC-BD97-E57C37253A43}.Debug VtNetCore.Uwp|Any CPU.Build.0 = Debug|Any CPU
		{73D5AAC0-8CBD-4ECC-BD97-E57C37253A43}.Debug VtNetCore.Uwp|ARM.ActiveCfg = Debug|Any CPU
		{73D5AAC0-8CBD-4ECC-BD97-E57C37253A43}.Debug VtNetCore.Uwp|ARM.Build.0 = Debug|Any CPU
		{73D5AAC0-8CBD-4ECC-BD97-E57C37253A43}.Debug VtNetCore.Uwp|ARM64.ActiveCfg = Debug|Any CPU
		{73D5AAC0-8CBD-4ECC-BD97-E57C37253A43}.Debug VtNetCore.Uwp|ARM64.Build.0 = Debug|Any CPU
		{73D5AAC0-8CBD-4ECC-BD97-E57C37253A43}.Debug VtNetCore.Uwp|x64.ActiveCfg = Debug|Any CPU
		{73D5AAC0-8CBD-4ECC-BD97-E57C37253A43}.Debug VtNetCore.Uwp|x64.Build.0 = Debug|Any CPU
		{73D5AAC0-8CBD-4ECC-BD97-E57C37253A43}.Debug VtNetCore.Uwp|x86.ActiveCfg = Debug|Any CPU
		{73D5AAC0-8CBD-4ECC-BD97-E57C37253A43}.Debug VtNetCore.Uwp|x86.Build.0 = Debug|Any CPU
		{73D5AAC0-8CBD-4ECC-BD97-E57C37253A43}.Debug|Any CPU.ActiveCfg = Debug|Any CPU
		{73D5AAC0-8CBD-4ECC-BD97-E57C37253A43}.Debug|Any CPU.Build.0 = Debug|Any CPU
		{73D5AAC0-8CBD-4ECC-BD97-E57C37253A43}.Debug|ARM.ActiveCfg = Debug|Any CPU
		{73D5AAC0-8CBD-4ECC-BD97-E57C37253A43}.Debug|ARM.Build.0 = Debug|Any CPU
		{73D5AAC0-8CBD-4ECC-BD97-E57C37253A43}.Debug|ARM64.ActiveCfg = Debug|Any CPU
		{73D5AAC0-8CBD-4ECC-BD97-E57C37253A43}.Debug|ARM64.Build.0 = Debug|Any CPU
		{73D5AAC0-8CBD-4ECC-BD97-E57C37253A43}.Debug|x64.ActiveCfg = Debug|Any CPU
		{73D5AAC0-8CBD-4ECC-BD97-E57C37253A43}.Debug|x64.Build.0 = Debug|Any CPU
		{73D5AAC0-8CBD-4ECC-BD97-E57C37253A43}.Debug|x86.ActiveCfg = Debug|Any CPU
		{73D5AAC0-8CBD-4ECC-BD97-E57C37253A43}.Debug|x86.Build.0 = Debug|Any CPU
		{73D5AAC0-8CBD-4ECC-BD97-E57C37253A43}.Mac Debug|Any CPU.ActiveCfg = Debug|Any CPU
		{73D5AAC0-8CBD-4ECC-BD97-E57C37253A43}.Mac Debug|Any CPU.Build.0 = Debug|Any CPU
		{73D5AAC0-8CBD-4ECC-BD97-E57C37253A43}.Mac Debug|ARM.ActiveCfg = Debug|Any CPU
		{73D5AAC0-8CBD-4ECC-BD97-E57C37253A43}.Mac Debug|ARM.Build.0 = Debug|Any CPU
		{73D5AAC0-8CBD-4ECC-BD97-E57C37253A43}.Mac Debug|ARM64.ActiveCfg = Debug|Any CPU
		{73D5AAC0-8CBD-4ECC-BD97-E57C37253A43}.Mac Debug|ARM64.Build.0 = Debug|Any CPU
		{73D5AAC0-8CBD-4ECC-BD97-E57C37253A43}.Mac Debug|x64.ActiveCfg = Debug|Any CPU
		{73D5AAC0-8CBD-4ECC-BD97-E57C37253A43}.Mac Debug|x64.Build.0 = Debug|Any CPU
		{73D5AAC0-8CBD-4ECC-BD97-E57C37253A43}.Mac Debug|x86.ActiveCfg = Debug|Any CPU
		{73D5AAC0-8CBD-4ECC-BD97-E57C37253A43}.Mac Debug|x86.Build.0 = Debug|Any CPU
		{73D5AAC0-8CBD-4ECC-BD97-E57C37253A43}.Mac Release|Any CPU.ActiveCfg = Release|Any CPU
		{73D5AAC0-8CBD-4ECC-BD97-E57C37253A43}.Mac Release|Any CPU.Build.0 = Release|Any CPU
		{73D5AAC0-8CBD-4ECC-BD97-E57C37253A43}.Mac Release|ARM.ActiveCfg = Release|Any CPU
		{73D5AAC0-8CBD-4ECC-BD97-E57C37253A43}.Mac Release|ARM.Build.0 = Release|Any CPU
		{73D5AAC0-8CBD-4ECC-BD97-E57C37253A43}.Mac Release|ARM64.ActiveCfg = Release|Any CPU
		{73D5AAC0-8CBD-4ECC-BD97-E57C37253A43}.Mac Release|ARM64.Build.0 = Release|Any CPU
		{73D5AAC0-8CBD-4ECC-BD97-E57C37253A43}.Mac Release|x64.ActiveCfg = Release|Any CPU
		{73D5AAC0-8CBD-4ECC-BD97-E57C37253A43}.Mac Release|x64.Build.0 = Release|Any CPU
		{73D5AAC0-8CBD-4ECC-BD97-E57C37253A43}.Mac Release|x86.ActiveCfg = Release|Any CPU
		{73D5AAC0-8CBD-4ECC-BD97-E57C37253A43}.Mac Release|x86.Build.0 = Release|Any CPU
		{73D5AAC0-8CBD-4ECC-BD97-E57C37253A43}.Not optimized Release|Any CPU.ActiveCfg = Release|Any CPU
		{73D5AAC0-8CBD-4ECC-BD97-E57C37253A43}.Not optimized Release|Any CPU.Build.0 = Release|Any CPU
		{73D5AAC0-8CBD-4ECC-BD97-E57C37253A43}.Not optimized Release|ARM.ActiveCfg = Release|Any CPU
		{73D5AAC0-8CBD-4ECC-BD97-E57C37253A43}.Not optimized Release|ARM.Build.0 = Release|Any CPU
		{73D5AAC0-8CBD-4ECC-BD97-E57C37253A43}.Not optimized Release|ARM64.ActiveCfg = Release|Any CPU
		{73D5AAC0-8CBD-4ECC-BD97-E57C37253A43}.Not optimized Release|ARM64.Build.0 = Release|Any CPU
		{73D5AAC0-8CBD-4ECC-BD97-E57C37253A43}.Not optimized Release|x64.ActiveCfg = Release|Any CPU
		{73D5AAC0-8CBD-4ECC-BD97-E57C37253A43}.Not optimized Release|x64.Build.0 = Release|Any CPU
		{73D5AAC0-8CBD-4ECC-BD97-E57C37253A43}.Not optimized Release|x86.ActiveCfg = Release|Any CPU
		{73D5AAC0-8CBD-4ECC-BD97-E57C37253A43}.Not optimized Release|x86.Build.0 = Release|Any CPU
		{73D5AAC0-8CBD-4ECC-BD97-E57C37253A43}.Release|Any CPU.ActiveCfg = Release|Any CPU
		{73D5AAC0-8CBD-4ECC-BD97-E57C37253A43}.Release|Any CPU.Build.0 = Release|Any CPU
		{73D5AAC0-8CBD-4ECC-BD97-E57C37253A43}.Release|ARM.ActiveCfg = Release|Any CPU
		{73D5AAC0-8CBD-4ECC-BD97-E57C37253A43}.Release|ARM.Build.0 = Release|Any CPU
		{73D5AAC0-8CBD-4ECC-BD97-E57C37253A43}.Release|ARM64.ActiveCfg = Release|Any CPU
		{73D5AAC0-8CBD-4ECC-BD97-E57C37253A43}.Release|ARM64.Build.0 = Release|Any CPU
		{73D5AAC0-8CBD-4ECC-BD97-E57C37253A43}.Release|x64.ActiveCfg = Release|Any CPU
		{73D5AAC0-8CBD-4ECC-BD97-E57C37253A43}.Release|x64.Build.0 = Release|Any CPU
		{73D5AAC0-8CBD-4ECC-BD97-E57C37253A43}.Release|x86.ActiveCfg = Release|Any CPU
		{73D5AAC0-8CBD-4ECC-BD97-E57C37253A43}.Release|x86.Build.0 = Release|Any CPU
	EndGlobalSection
	GlobalSection(SolutionProperties) = preSolution
		HideSolutionNode = FALSE
	EndGlobalSection
	GlobalSection(NestedProjects) = preSolution
		{4480AD73-B513-4714-9EEA-B5AE011C1B0E} = {F7315C17-4F9E-4050-9EDB-FE818EFCAD49}
		{AB134555-EBE0-4F6C-B2BC-26CD6014AAB4} = {F7315C17-4F9E-4050-9EDB-FE818EFCAD49}
		{C523136C-52DC-4E80-978B-BFD8BDEAAF7B} = {EFCD0E65-630E-4E78-8727-88D6911B256A}
		{913F9928-FB03-4C5B-9C48-5DEE7185FEF6} = {F7315C17-4F9E-4050-9EDB-FE818EFCAD49}
		{73D5AAC0-8CBD-4ECC-BD97-E57C37253A43} = {F7315C17-4F9E-4050-9EDB-FE818EFCAD49}
	EndGlobalSection
	GlobalSection(ExtensibilityGlobals) = postSolution
		SolutionGuid = {CFE8AFBD-52FF-49C8-9323-B1F40DF92918}
	EndGlobalSection
EndGlobal
