
Microsoft Visual Studio Solution File, Format Version 12.00
# Visual Studio 15
VisualStudioVersion = 15.0.27130.2027
MinimumVisualStudioVersion = 10.0.40219.1
Project("{FAE04EC0-301F-11D3-BF4B-00C04F79EFBC}") = "VtNetCore.UWP", "VtNetCore.UWP\VtNetCore.UWP.csproj", "{1D4153D2-7653-47D1-8412-A2623052F6B9}"
EndProject
Project("{9A19103F-16F7-4668-BE54-9A1E7A4F7556}") = "VtNetCore", "modules\VtNetCore\VtNetCore\VtNetCore.csproj", "{4480AD73-B513-4714-9EEA-B5AE011C1B0E}"
EndProject
Project("{9A19103F-16F7-4668-BE54-9A1E7A4F7556}") = "VtNetCoreUnitTests", "modules\VtNetCore\VtNetCore.Unit.Tests\VtNetCoreUnitTests.csproj", "{AB134555-EBE0-4F6C-B2BC-26CD6014AAB4}"
EndProject
Project("{2150E333-8FDC-42A3-9474-1A3956D46DE8}") = "Modules", "Modules", "{F7315C17-4F9E-4050-9EDB-FE818EFCAD49}"
EndProject
Project("{9A19103F-16F7-4668-BE54-9A1E7A4F7556}") = "Renci.SshNet.NETCore", "modules\SSH.NET\src\Renci.SshNet.NETCore\Renci.SshNet.NETCore.csproj", "{C696868A-D058-4996-A0F7-C1B738A38A94}"
EndProject
Project("{FAE04EC0-301F-11D3-BF4B-00C04F79EFBC}") = "VtNetCore.UWP.App", "VtNetCore.UWP.App\VtNetCore.UWP.App.csproj", "{00933C77-0972-4440-A5C0-FC2C40ECEF34}"
EndProject
Project("{2150E333-8FDC-42A3-9474-1A3956D46DE8}") = "Solution Items", "Solution Items", "{76714614-E920-4E47-BD46-439FDD7CD248}"
	ProjectSection(SolutionItems) = preProject
		README.md = README.md
	EndProjectSection
EndProject
Project("{FAE04EC0-301F-11D3-BF4B-00C04F79EFBC}") = "libvterm.tests", "libvterm.tests\libvterm.tests.csproj", "{1577C859-BEF5-4901-9B29-BD3E6BF175C6}"
EndProject
Project("{2150E333-8FDC-42A3-9474-1A3956D46DE8}") = "libvterm", "libvterm", "{CA50B414-FA87-4FDB-8317-147021A90D29}"
EndProject
Project("{2150E333-8FDC-42A3-9474-1A3956D46DE8}") = "t", "t", "{53360EDB-D896-4CE5-AF8B-B6F880634AC9}"
	ProjectSection(SolutionItems) = preProject
		modules\libvterm\t\02parser.test = modules\libvterm\t\02parser.test
		modules\libvterm\t\03encoding_utf8.test = modules\libvterm\t\03encoding_utf8.test
		modules\libvterm\t\10state_putglyph.test = modules\libvterm\t\10state_putglyph.test
		modules\libvterm\t\11state_movecursor.test = modules\libvterm\t\11state_movecursor.test
		modules\libvterm\t\12state_scroll.test = modules\libvterm\t\12state_scroll.test
		modules\libvterm\t\13state_edit.test = modules\libvterm\t\13state_edit.test
		modules\libvterm\t\14state_encoding.test = modules\libvterm\t\14state_encoding.test
		modules\libvterm\t\15state_mode.test = modules\libvterm\t\15state_mode.test
		modules\libvterm\t\16state_resize.test = modules\libvterm\t\16state_resize.test
		modules\libvterm\t\17state_mouse.test = modules\libvterm\t\17state_mouse.test
		modules\libvterm\t\18state_termprops.test = modules\libvterm\t\18state_termprops.test
		modules\libvterm\t\20state_wrapping.test = modules\libvterm\t\20state_wrapping.test
		modules\libvterm\t\21state_tabstops.test = modules\libvterm\t\21state_tabstops.test
		modules\libvterm\t\22state_save.test = modules\libvterm\t\22state_save.test
		modules\libvterm\t\25state_input.test = modules\libvterm\t\25state_input.test
		modules\libvterm\t\26state_query.test = modules\libvterm\t\26state_query.test
		modules\libvterm\t\27state_reset.test = modules\libvterm\t\27state_reset.test
		modules\libvterm\t\28state_dbl_wh.test = modules\libvterm\t\28state_dbl_wh.test
		modules\libvterm\t\29state_fallback.test = modules\libvterm\t\29state_fallback.test
		modules\libvterm\t\30pen.test = modules\libvterm\t\30pen.test
		modules\libvterm\t\40screen_ascii.test = modules\libvterm\t\40screen_ascii.test
		modules\libvterm\t\41screen_unicode.test = modules\libvterm\t\41screen_unicode.test
		modules\libvterm\t\42screen_damage.test = modules\libvterm\t\42screen_damage.test
		modules\libvterm\t\43screen_resize.test = modules\libvterm\t\43screen_resize.test
		modules\libvterm\t\44screen_pen.test = modules\libvterm\t\44screen_pen.test
		modules\libvterm\t\45screen_protect.test = modules\libvterm\t\45screen_protect.test
		modules\libvterm\t\46screen_extent.test = modules\libvterm\t\46screen_extent.test
		modules\libvterm\t\47screen_dbl_wh.test = modules\libvterm\t\47screen_dbl_wh.test
		modules\libvterm\t\48screen_termprops.test = modules\libvterm\t\48screen_termprops.test
		modules\libvterm\t\90vttest_01-movement-1.test = modules\libvterm\t\90vttest_01-movement-1.test
		modules\libvterm\t\90vttest_01-movement-2.test = modules\libvterm\t\90vttest_01-movement-2.test
		modules\libvterm\t\90vttest_01-movement-3.test = modules\libvterm\t\90vttest_01-movement-3.test
		modules\libvterm\t\90vttest_01-movement-4.test = modules\libvterm\t\90vttest_01-movement-4.test
		modules\libvterm\t\90vttest_02-screen-1.test = modules\libvterm\t\90vttest_02-screen-1.test
		modules\libvterm\t\90vttest_02-screen-2.test = modules\libvterm\t\90vttest_02-screen-2.test
		modules\libvterm\t\90vttest_02-screen-3.test = modules\libvterm\t\90vttest_02-screen-3.test
		modules\libvterm\t\90vttest_02-screen-4.test = modules\libvterm\t\90vttest_02-screen-4.test
		modules\libvterm\t\92lp1640917.test = modules\libvterm\t\92lp1640917.test
		modules\libvterm\t\harness.c = modules\libvterm\t\harness.c
		modules\libvterm\t\run-test.pl = modules\libvterm\t\run-test.pl
	EndProjectSection
EndProject
Global
	GlobalSection(SolutionConfigurationPlatforms) = preSolution
		Debug|Any CPU = Debug|Any CPU
		Debug|ARM = Debug|ARM
		Debug|x64 = Debug|x64
		Debug|x86 = Debug|x86
		Release|Any CPU = Release|Any CPU
		Release|ARM = Release|ARM
		Release|x64 = Release|x64
		Release|x86 = Release|x86
	EndGlobalSection
	GlobalSection(ProjectConfigurationPlatforms) = postSolution
		{1D4153D2-7653-47D1-8412-A2623052F6B9}.Debug|Any CPU.ActiveCfg = Debug|Any CPU
		{1D4153D2-7653-47D1-8412-A2623052F6B9}.Debug|Any CPU.Build.0 = Debug|Any CPU
		{1D4153D2-7653-47D1-8412-A2623052F6B9}.Debug|ARM.ActiveCfg = Debug|ARM
		{1D4153D2-7653-47D1-8412-A2623052F6B9}.Debug|ARM.Build.0 = Debug|ARM
		{1D4153D2-7653-47D1-8412-A2623052F6B9}.Debug|x64.ActiveCfg = Debug|x64
		{1D4153D2-7653-47D1-8412-A2623052F6B9}.Debug|x64.Build.0 = Debug|x64
		{1D4153D2-7653-47D1-8412-A2623052F6B9}.Debug|x86.ActiveCfg = Debug|x86
		{1D4153D2-7653-47D1-8412-A2623052F6B9}.Debug|x86.Build.0 = Debug|x86
		{1D4153D2-7653-47D1-8412-A2623052F6B9}.Release|Any CPU.ActiveCfg = Release|Any CPU
		{1D4153D2-7653-47D1-8412-A2623052F6B9}.Release|Any CPU.Build.0 = Release|Any CPU
		{1D4153D2-7653-47D1-8412-A2623052F6B9}.Release|ARM.ActiveCfg = Release|ARM
		{1D4153D2-7653-47D1-8412-A2623052F6B9}.Release|ARM.Build.0 = Release|ARM
		{1D4153D2-7653-47D1-8412-A2623052F6B9}.Release|x64.ActiveCfg = Release|x64
		{1D4153D2-7653-47D1-8412-A2623052F6B9}.Release|x64.Build.0 = Release|x64
		{1D4153D2-7653-47D1-8412-A2623052F6B9}.Release|x86.ActiveCfg = Release|x86
		{1D4153D2-7653-47D1-8412-A2623052F6B9}.Release|x86.Build.0 = Release|x86
		{4480AD73-B513-4714-9EEA-B5AE011C1B0E}.Debug|Any CPU.ActiveCfg = Debug|Any CPU
		{4480AD73-B513-4714-9EEA-B5AE011C1B0E}.Debug|Any CPU.Build.0 = Debug|Any CPU
		{4480AD73-B513-4714-9EEA-B5AE011C1B0E}.Debug|ARM.ActiveCfg = Debug|Any CPU
		{4480AD73-B513-4714-9EEA-B5AE011C1B0E}.Debug|ARM.Build.0 = Debug|Any CPU
		{4480AD73-B513-4714-9EEA-B5AE011C1B0E}.Debug|x64.ActiveCfg = Debug|Any CPU
		{4480AD73-B513-4714-9EEA-B5AE011C1B0E}.Debug|x64.Build.0 = Debug|Any CPU
		{4480AD73-B513-4714-9EEA-B5AE011C1B0E}.Debug|x86.ActiveCfg = Debug|Any CPU
		{4480AD73-B513-4714-9EEA-B5AE011C1B0E}.Debug|x86.Build.0 = Debug|Any CPU
		{4480AD73-B513-4714-9EEA-B5AE011C1B0E}.Release|Any CPU.ActiveCfg = Release|Any CPU
		{4480AD73-B513-4714-9EEA-B5AE011C1B0E}.Release|Any CPU.Build.0 = Release|Any CPU
		{4480AD73-B513-4714-9EEA-B5AE011C1B0E}.Release|ARM.ActiveCfg = Release|Any CPU
		{4480AD73-B513-4714-9EEA-B5AE011C1B0E}.Release|ARM.Build.0 = Release|Any CPU
		{4480AD73-B513-4714-9EEA-B5AE011C1B0E}.Release|x64.ActiveCfg = Release|Any CPU
		{4480AD73-B513-4714-9EEA-B5AE011C1B0E}.Release|x64.Build.0 = Release|Any CPU
		{4480AD73-B513-4714-9EEA-B5AE011C1B0E}.Release|x86.ActiveCfg = Release|Any CPU
		{4480AD73-B513-4714-9EEA-B5AE011C1B0E}.Release|x86.Build.0 = Release|Any CPU
		{AB134555-EBE0-4F6C-B2BC-26CD6014AAB4}.Debug|Any CPU.ActiveCfg = Debug|Any CPU
		{AB134555-EBE0-4F6C-B2BC-26CD6014AAB4}.Debug|Any CPU.Build.0 = Debug|Any CPU
		{AB134555-EBE0-4F6C-B2BC-26CD6014AAB4}.Debug|ARM.ActiveCfg = Debug|Any CPU
		{AB134555-EBE0-4F6C-B2BC-26CD6014AAB4}.Debug|ARM.Build.0 = Debug|Any CPU
		{AB134555-EBE0-4F6C-B2BC-26CD6014AAB4}.Debug|x64.ActiveCfg = Debug|Any CPU
		{AB134555-EBE0-4F6C-B2BC-26CD6014AAB4}.Debug|x64.Build.0 = Debug|Any CPU
		{AB134555-EBE0-4F6C-B2BC-26CD6014AAB4}.Debug|x86.ActiveCfg = Debug|Any CPU
		{AB134555-EBE0-4F6C-B2BC-26CD6014AAB4}.Debug|x86.Build.0 = Debug|Any CPU
		{AB134555-EBE0-4F6C-B2BC-26CD6014AAB4}.Release|Any CPU.ActiveCfg = Release|Any CPU
		{AB134555-EBE0-4F6C-B2BC-26CD6014AAB4}.Release|Any CPU.Build.0 = Release|Any CPU
		{AB134555-EBE0-4F6C-B2BC-26CD6014AAB4}.Release|ARM.ActiveCfg = Release|Any CPU
		{AB134555-EBE0-4F6C-B2BC-26CD6014AAB4}.Release|ARM.Build.0 = Release|Any CPU
		{AB134555-EBE0-4F6C-B2BC-26CD6014AAB4}.Release|x64.ActiveCfg = Release|Any CPU
		{AB134555-EBE0-4F6C-B2BC-26CD6014AAB4}.Release|x64.Build.0 = Release|Any CPU
		{AB134555-EBE0-4F6C-B2BC-26CD6014AAB4}.Release|x86.ActiveCfg = Release|Any CPU
		{AB134555-EBE0-4F6C-B2BC-26CD6014AAB4}.Release|x86.Build.0 = Release|Any CPU
		{C696868A-D058-4996-A0F7-C1B738A38A94}.Debug|Any CPU.ActiveCfg = Debug|Any CPU
		{C696868A-D058-4996-A0F7-C1B738A38A94}.Debug|Any CPU.Build.0 = Debug|Any CPU
		{C696868A-D058-4996-A0F7-C1B738A38A94}.Debug|ARM.ActiveCfg = Debug|Any CPU
		{C696868A-D058-4996-A0F7-C1B738A38A94}.Debug|ARM.Build.0 = Debug|Any CPU
		{C696868A-D058-4996-A0F7-C1B738A38A94}.Debug|x64.ActiveCfg = Debug|Any CPU
		{C696868A-D058-4996-A0F7-C1B738A38A94}.Debug|x64.Build.0 = Debug|Any CPU
		{C696868A-D058-4996-A0F7-C1B738A38A94}.Debug|x86.ActiveCfg = Debug|Any CPU
		{C696868A-D058-4996-A0F7-C1B738A38A94}.Debug|x86.Build.0 = Debug|Any CPU
		{C696868A-D058-4996-A0F7-C1B738A38A94}.Release|Any CPU.ActiveCfg = Release|Any CPU
		{C696868A-D058-4996-A0F7-C1B738A38A94}.Release|Any CPU.Build.0 = Release|Any CPU
		{C696868A-D058-4996-A0F7-C1B738A38A94}.Release|ARM.ActiveCfg = Release|Any CPU
		{C696868A-D058-4996-A0F7-C1B738A38A94}.Release|ARM.Build.0 = Release|Any CPU
		{C696868A-D058-4996-A0F7-C1B738A38A94}.Release|x64.ActiveCfg = Release|Any CPU
		{C696868A-D058-4996-A0F7-C1B738A38A94}.Release|x64.Build.0 = Release|Any CPU
		{C696868A-D058-4996-A0F7-C1B738A38A94}.Release|x86.ActiveCfg = Release|Any CPU
		{C696868A-D058-4996-A0F7-C1B738A38A94}.Release|x86.Build.0 = Release|Any CPU
		{00933C77-0972-4440-A5C0-FC2C40ECEF34}.Debug|Any CPU.ActiveCfg = Debug|x86
		{00933C77-0972-4440-A5C0-FC2C40ECEF34}.Debug|ARM.ActiveCfg = Debug|ARM
		{00933C77-0972-4440-A5C0-FC2C40ECEF34}.Debug|ARM.Build.0 = Debug|ARM
		{00933C77-0972-4440-A5C0-FC2C40ECEF34}.Debug|ARM.Deploy.0 = Debug|ARM
		{00933C77-0972-4440-A5C0-FC2C40ECEF34}.Debug|x64.ActiveCfg = Debug|x64
		{00933C77-0972-4440-A5C0-FC2C40ECEF34}.Debug|x64.Build.0 = Debug|x64
		{00933C77-0972-4440-A5C0-FC2C40ECEF34}.Debug|x64.Deploy.0 = Debug|x64
		{00933C77-0972-4440-A5C0-FC2C40ECEF34}.Debug|x86.ActiveCfg = Debug|x86
		{00933C77-0972-4440-A5C0-FC2C40ECEF34}.Debug|x86.Build.0 = Debug|x86
		{00933C77-0972-4440-A5C0-FC2C40ECEF34}.Debug|x86.Deploy.0 = Debug|x86
		{00933C77-0972-4440-A5C0-FC2C40ECEF34}.Release|Any CPU.ActiveCfg = Release|x86
		{00933C77-0972-4440-A5C0-FC2C40ECEF34}.Release|ARM.ActiveCfg = Release|ARM
		{00933C77-0972-4440-A5C0-FC2C40ECEF34}.Release|ARM.Build.0 = Release|ARM
		{00933C77-0972-4440-A5C0-FC2C40ECEF34}.Release|ARM.Deploy.0 = Release|ARM
		{00933C77-0972-4440-A5C0-FC2C40ECEF34}.Release|x64.ActiveCfg = Release|x64
		{00933C77-0972-4440-A5C0-FC2C40ECEF34}.Release|x64.Build.0 = Release|x64
		{00933C77-0972-4440-A5C0-FC2C40ECEF34}.Release|x64.Deploy.0 = Release|x64
		{00933C77-0972-4440-A5C0-FC2C40ECEF34}.Release|x86.ActiveCfg = Release|x86
		{00933C77-0972-4440-A5C0-FC2C40ECEF34}.Release|x86.Build.0 = Release|x86
		{00933C77-0972-4440-A5C0-FC2C40ECEF34}.Release|x86.Deploy.0 = Release|x86
		{1577C859-BEF5-4901-9B29-BD3E6BF175C6}.Debug|Any CPU.ActiveCfg = Debug|Any CPU
		{1577C859-BEF5-4901-9B29-BD3E6BF175C6}.Debug|Any CPU.Build.0 = Debug|Any CPU
		{1577C859-BEF5-4901-9B29-BD3E6BF175C6}.Debug|ARM.ActiveCfg = Debug|Any CPU
		{1577C859-BEF5-4901-9B29-BD3E6BF175C6}.Debug|ARM.Build.0 = Debug|Any CPU
		{1577C859-BEF5-4901-9B29-BD3E6BF175C6}.Debug|x64.ActiveCfg = Debug|Any CPU
		{1577C859-BEF5-4901-9B29-BD3E6BF175C6}.Debug|x64.Build.0 = Debug|Any CPU
		{1577C859-BEF5-4901-9B29-BD3E6BF175C6}.Debug|x86.ActiveCfg = Debug|Any CPU
		{1577C859-BEF5-4901-9B29-BD3E6BF175C6}.Debug|x86.Build.0 = Debug|Any CPU
		{1577C859-BEF5-4901-9B29-BD3E6BF175C6}.Release|Any CPU.ActiveCfg = Release|Any CPU
		{1577C859-BEF5-4901-9B29-BD3E6BF175C6}.Release|Any CPU.Build.0 = Release|Any CPU
		{1577C859-BEF5-4901-9B29-BD3E6BF175C6}.Release|ARM.ActiveCfg = Release|Any CPU
		{1577C859-BEF5-4901-9B29-BD3E6BF175C6}.Release|ARM.Build.0 = Release|Any CPU
		{1577C859-BEF5-4901-9B29-BD3E6BF175C6}.Release|x64.ActiveCfg = Release|Any CPU
		{1577C859-BEF5-4901-9B29-BD3E6BF175C6}.Release|x64.Build.0 = Release|Any CPU
		{1577C859-BEF5-4901-9B29-BD3E6BF175C6}.Release|x86.ActiveCfg = Release|Any CPU
		{1577C859-BEF5-4901-9B29-BD3E6BF175C6}.Release|x86.Build.0 = Release|Any CPU
	EndGlobalSection
	GlobalSection(SolutionProperties) = preSolution
		HideSolutionNode = FALSE
	EndGlobalSection
	GlobalSection(NestedProjects) = preSolution
		{4480AD73-B513-4714-9EEA-B5AE011C1B0E} = {F7315C17-4F9E-4050-9EDB-FE818EFCAD49}
		{AB134555-EBE0-4F6C-B2BC-26CD6014AAB4} = {F7315C17-4F9E-4050-9EDB-FE818EFCAD49}
		{C696868A-D058-4996-A0F7-C1B738A38A94} = {F7315C17-4F9E-4050-9EDB-FE818EFCAD49}
		{CA50B414-FA87-4FDB-8317-147021A90D29} = {F7315C17-4F9E-4050-9EDB-FE818EFCAD49}
		{53360EDB-D896-4CE5-AF8B-B6F880634AC9} = {CA50B414-FA87-4FDB-8317-147021A90D29}
	EndGlobalSection
	GlobalSection(ExtensibilityGlobals) = postSolution
		SolutionGuid = {CFE8AFBD-52FF-49C8-9323-B1F40DF92918}
	EndGlobalSection
EndGlobal
