
Microsoft Visual Studio Solution File, Format Version 12.00
# Visual Studio 15
VisualStudioVersion = 15.0.27130.2027
MinimumVisualStudioVersion = 10.0.40219.1
Project("{FAE04EC0-301F-11D3-BF4B-00C04F79EFBC}") = "VtNetCore.UWP", "VtNetCore.UWP\VtNetCore.UWP.csproj", "{1D4153D2-7653-47D1-8412-A2623052F6B9}"
EndProject
Project("{9A19103F-16F7-4668-BE54-9A1E7A4F7556}") = "VtNetCore", "modules\VtNetCore\VtNetCore\VtNetCore.csproj", "{4480AD73-B513-4714-9EEA-B5AE011C1B0E}"
EndProject
Project("{9A19103F-16F7-4668-BE54-9A1E7A4F7556}") = "VtNetCoreUnitTests", "modules\VtNetCore\VtNetCore.Unit.Tests\VtNetCoreUnitTests.csproj", "{AB134555-EBE0-4F6C-B2BC-26CD6014AAB4}"
EndProject
Project("{2150E333-8FDC-42A3-9474-1A3956D46DE8}") = "Modules", "Modules", "{F7315C17-4F9E-4050-9EDB-FE818EFCAD49}"
EndProject
Project("{9A19103F-16F7-4668-BE54-9A1E7A4F7556}") = "Renci.SshNet.NETCore", "modules\SSH.NET\src\Renci.SshNet.NETCore\Renci.SshNet.NETCore.csproj", "{C696868A-D058-4996-A0F7-C1B738A38A94}"
EndProject
Project("{FAE04EC0-301F-11D3-BF4B-00C04F79EFBC}") = "VtNetCore.UWP.App", "VtNetCore.UWP.App\VtNetCore.UWP.App.csproj", "{00933C77-0972-4440-A5C0-FC2C40ECEF34}"
EndProject
Project("{2150E333-8FDC-42A3-9474-1A3956D46DE8}") = "Solution Items", "Solution Items", "{76714614-E920-4E47-BD46-439FDD7CD248}"
	ProjectSection(SolutionItems) = preProject
		README.md = README.md
	EndProjectSection
EndProject
Project("{9A19103F-16F7-4668-BE54-9A1E7A4F7556}") = "VtConnect", "modules\VtConnect\VtConnect\VtConnect.csproj", "{6E786F2C-4EB7-4406-9274-392F13D492D6}"
EndProject
Project("{9A19103F-16F7-4668-BE54-9A1E7A4F7556}") = "VtConnect.Tests", "modules\VtConnect\VtConnect.Tests\VtConnect.Tests.csproj", "{8379BE4C-AA1B-49F9-834B-A934FBC3BCB5}"
EndProject
Project("{9A19103F-16F7-4668-BE54-9A1E7A4F7556}") = "SerialPortStream-netstandard15", "modules\SerialPortStream\code\SerialPortStream-netstandard15.csproj", "{174DC88F-D87D-4596-B16E-9D42E2450D9C}"
EndProject
Global
	GlobalSection(SolutionConfigurationPlatforms) = preSolution
		Debug|Any CPU = Debug|Any CPU
		Debug|ARM = Debug|ARM
		Debug|x64 = Debug|x64
		Debug|x86 = Debug|x86
		Release|Any CPU = Release|Any CPU
		Release|ARM = Release|ARM
		Release|x64 = Release|x64
		Release|x86 = Release|x86
	EndGlobalSection
	GlobalSection(ProjectConfigurationPlatforms) = postSolution
		{1D4153D2-7653-47D1-8412-A2623052F6B9}.Debug|Any CPU.ActiveCfg = Debug|Any CPU
		{1D4153D2-7653-47D1-8412-A2623052F6B9}.Debug|Any CPU.Build.0 = Debug|Any CPU
		{1D4153D2-7653-47D1-8412-A2623052F6B9}.Debug|ARM.ActiveCfg = Debug|ARM
		{1D4153D2-7653-47D1-8412-A2623052F6B9}.Debug|ARM.Build.0 = Debug|ARM
		{1D4153D2-7653-47D1-8412-A2623052F6B9}.Debug|x64.ActiveCfg = Debug|x64
		{1D4153D2-7653-47D1-8412-A2623052F6B9}.Debug|x64.Build.0 = Debug|x64
		{1D4153D2-7653-47D1-8412-A2623052F6B9}.Debug|x86.ActiveCfg = Debug|x86
		{1D4153D2-7653-47D1-8412-A2623052F6B9}.Debug|x86.Build.0 = Debug|x86
		{1D4153D2-7653-47D1-8412-A2623052F6B9}.Release|Any CPU.ActiveCfg = Release|Any CPU
		{1D4153D2-7653-47D1-8412-A2623052F6B9}.Release|Any CPU.Build.0 = Release|Any CPU
		{1D4153D2-7653-47D1-8412-A2623052F6B9}.Release|ARM.ActiveCfg = Release|ARM
		{1D4153D2-7653-47D1-8412-A2623052F6B9}.Release|ARM.Build.0 = Release|ARM
		{1D4153D2-7653-47D1-8412-A2623052F6B9}.Release|x64.ActiveCfg = Release|x64
		{1D4153D2-7653-47D1-8412-A2623052F6B9}.Release|x64.Build.0 = Release|x64
		{1D4153D2-7653-47D1-8412-A2623052F6B9}.Release|x86.ActiveCfg = Release|x86
		{1D4153D2-7653-47D1-8412-A2623052F6B9}.Release|x86.Build.0 = Release|x86
		{4480AD73-B513-4714-9EEA-B5AE011C1B0E}.Debug|Any CPU.ActiveCfg = Debug|Any CPU
		{4480AD73-B513-4714-9EEA-B5AE011C1B0E}.Debug|Any CPU.Build.0 = Debug|Any CPU
		{4480AD73-B513-4714-9EEA-B5AE011C1B0E}.Debug|ARM.ActiveCfg = Debug|Any CPU
		{4480AD73-B513-4714-9EEA-B5AE011C1B0E}.Debug|ARM.Build.0 = Debug|Any CPU
		{4480AD73-B513-4714-9EEA-B5AE011C1B0E}.Debug|x64.ActiveCfg = Debug|Any CPU
		{4480AD73-B513-4714-9EEA-B5AE011C1B0E}.Debug|x64.Build.0 = Debug|Any CPU
		{4480AD73-B513-4714-9EEA-B5AE011C1B0E}.Debug|x86.ActiveCfg = Debug|Any CPU
		{4480AD73-B513-4714-9EEA-B5AE011C1B0E}.Debug|x86.Build.0 = Debug|Any CPU
		{4480AD73-B513-4714-9EEA-B5AE011C1B0E}.Release|Any CPU.ActiveCfg = Release|Any CPU
		{4480AD73-B513-4714-9EEA-B5AE011C1B0E}.Release|Any CPU.Build.0 = Release|Any CPU
		{4480AD73-B513-4714-9EEA-B5AE011C1B0E}.Release|ARM.ActiveCfg = Release|Any CPU
		{4480AD73-B513-4714-9EEA-B5AE011C1B0E}.Release|ARM.Build.0 = Release|Any CPU
		{4480AD73-B513-4714-9EEA-B5AE011C1B0E}.Release|x64.ActiveCfg = Release|Any CPU
		{4480AD73-B513-4714-9EEA-B5AE011C1B0E}.Release|x64.Build.0 = Release|Any CPU
		{4480AD73-B513-4714-9EEA-B5AE011C1B0E}.Release|x86.ActiveCfg = Release|Any CPU
		{4480AD73-B513-4714-9EEA-B5AE011C1B0E}.Release|x86.Build.0 = Release|Any CPU
		{AB134555-EBE0-4F6C-B2BC-26CD6014AAB4}.Debug|Any CPU.ActiveCfg = Debug|Any CPU
		{AB134555-EBE0-4F6C-B2BC-26CD6014AAB4}.Debug|Any CPU.Build.0 = Debug|Any CPU
		{AB134555-EBE0-4F6C-B2BC-26CD6014AAB4}.Debug|ARM.ActiveCfg = Debug|Any CPU
		{AB134555-EBE0-4F6C-B2BC-26CD6014AAB4}.Debug|ARM.Build.0 = Debug|Any CPU
		{AB134555-EBE0-4F6C-B2BC-26CD6014AAB4}.Debug|x64.ActiveCfg = Debug|Any CPU
		{AB134555-EBE0-4F6C-B2BC-26CD6014AAB4}.Debug|x64.Build.0 = Debug|Any CPU
		{AB134555-EBE0-4F6C-B2BC-26CD6014AAB4}.Debug|x86.ActiveCfg = Debug|Any CPU
		{AB134555-EBE0-4F6C-B2BC-26CD6014AAB4}.Debug|x86.Build.0 = Debug|Any CPU
		{AB134555-EBE0-4F6C-B2BC-26CD6014AAB4}.Release|Any CPU.ActiveCfg = Release|Any CPU
		{AB134555-EBE0-4F6C-B2BC-26CD6014AAB4}.Release|Any CPU.Build.0 = Release|Any CPU
		{AB134555-EBE0-4F6C-B2BC-26CD6014AAB4}.Release|ARM.ActiveCfg = Release|Any CPU
		{AB134555-EBE0-4F6C-B2BC-26CD6014AAB4}.Release|ARM.Build.0 = Release|Any CPU
		{AB134555-EBE0-4F6C-B2BC-26CD6014AAB4}.Release|x64.ActiveCfg = Release|Any CPU
		{AB134555-EBE0-4F6C-B2BC-26CD6014AAB4}.Release|x64.Build.0 = Release|Any CPU
		{AB134555-EBE0-4F6C-B2BC-26CD6014AAB4}.Release|x86.ActiveCfg = Release|Any CPU
		{AB134555-EBE0-4F6C-B2BC-26CD6014AAB4}.Release|x86.Build.0 = Release|Any CPU
		{C696868A-D058-4996-A0F7-C1B738A38A94}.Debug|Any CPU.ActiveCfg = Debug|Any CPU
		{C696868A-D058-4996-A0F7-C1B738A38A94}.Debug|Any CPU.Build.0 = Debug|Any CPU
		{C696868A-D058-4996-A0F7-C1B738A38A94}.Debug|ARM.ActiveCfg = Debug|Any CPU
		{C696868A-D058-4996-A0F7-C1B738A38A94}.Debug|ARM.Build.0 = Debug|Any CPU
		{C696868A-D058-4996-A0F7-C1B738A38A94}.Debug|x64.ActiveCfg = Debug|Any CPU
		{C696868A-D058-4996-A0F7-C1B738A38A94}.Debug|x64.Build.0 = Debug|Any CPU
		{C696868A-D058-4996-A0F7-C1B738A38A94}.Debug|x86.ActiveCfg = Debug|Any CPU
		{C696868A-D058-4996-A0F7-C1B738A38A94}.Debug|x86.Build.0 = Debug|Any CPU
		{C696868A-D058-4996-A0F7-C1B738A38A94}.Release|Any CPU.ActiveCfg = Release|Any CPU
		{C696868A-D058-4996-A0F7-C1B738A38A94}.Release|Any CPU.Build.0 = Release|Any CPU
		{C696868A-D058-4996-A0F7-C1B738A38A94}.Release|ARM.ActiveCfg = Release|Any CPU
		{C696868A-D058-4996-A0F7-C1B738A38A94}.Release|ARM.Build.0 = Release|Any CPU
		{C696868A-D058-4996-A0F7-C1B738A38A94}.Release|x64.ActiveCfg = Release|Any CPU
		{C696868A-D058-4996-A0F7-C1B738A38A94}.Release|x64.Build.0 = Release|Any CPU
		{C696868A-D058-4996-A0F7-C1B738A38A94}.Release|x86.ActiveCfg = Release|Any CPU
		{C696868A-D058-4996-A0F7-C1B738A38A94}.Release|x86.Build.0 = Release|Any CPU
		{00933C77-0972-4440-A5C0-FC2C40ECEF34}.Debug|Any CPU.ActiveCfg = Debug|x86
		{00933C77-0972-4440-A5C0-FC2C40ECEF34}.Debug|ARM.ActiveCfg = Debug|ARM
		{00933C77-0972-4440-A5C0-FC2C40ECEF34}.Debug|ARM.Build.0 = Debug|ARM
		{00933C77-0972-4440-A5C0-FC2C40ECEF34}.Debug|ARM.Deploy.0 = Debug|ARM
		{00933C77-0972-4440-A5C0-FC2C40ECEF34}.Debug|x64.ActiveCfg = Debug|x64
		{00933C77-0972-4440-A5C0-FC2C40ECEF34}.Debug|x64.Build.0 = Debug|x64
		{00933C77-0972-4440-A5C0-FC2C40ECEF34}.Debug|x64.Deploy.0 = Debug|x64
		{00933C77-0972-4440-A5C0-FC2C40ECEF34}.Debug|x86.ActiveCfg = Debug|x86
		{00933C77-0972-4440-A5C0-FC2C40ECEF34}.Debug|x86.Build.0 = Debug|x86
		{00933C77-0972-4440-A5C0-FC2C40ECEF34}.Debug|x86.Deploy.0 = Debug|x86
		{00933C77-0972-4440-A5C0-FC2C40ECEF34}.Release|Any CPU.ActiveCfg = Release|x86
		{00933C77-0972-4440-A5C0-FC2C40ECEF34}.Release|ARM.ActiveCfg = Release|ARM
		{00933C77-0972-4440-A5C0-FC2C40ECEF34}.Release|ARM.Build.0 = Release|ARM
		{00933C77-0972-4440-A5C0-FC2C40ECEF34}.Release|ARM.Deploy.0 = Release|ARM
		{00933C77-0972-4440-A5C0-FC2C40ECEF34}.Release|x64.ActiveCfg = Release|x64
		{00933C77-0972-4440-A5C0-FC2C40ECEF34}.Release|x64.Build.0 = Release|x64
		{00933C77-0972-4440-A5C0-FC2C40ECEF34}.Release|x64.Deploy.0 = Release|x64
		{00933C77-0972-4440-A5C0-FC2C40ECEF34}.Release|x86.ActiveCfg = Release|x86
		{00933C77-0972-4440-A5C0-FC2C40ECEF34}.Release|x86.Build.0 = Release|x86
		{00933C77-0972-4440-A5C0-FC2C40ECEF34}.Release|x86.Deploy.0 = Release|x86
		{6E786F2C-4EB7-4406-9274-392F13D492D6}.Debug|Any CPU.ActiveCfg = Debug|Any CPU
		{6E786F2C-4EB7-4406-9274-392F13D492D6}.Debug|Any CPU.Build.0 = Debug|Any CPU
		{6E786F2C-4EB7-4406-9274-392F13D492D6}.Debug|ARM.ActiveCfg = Debug|Any CPU
		{6E786F2C-4EB7-4406-9274-392F13D492D6}.Debug|ARM.Build.0 = Debug|Any CPU
		{6E786F2C-4EB7-4406-9274-392F13D492D6}.Debug|x64.ActiveCfg = Debug|Any CPU
		{6E786F2C-4EB7-4406-9274-392F13D492D6}.Debug|x64.Build.0 = Debug|Any CPU
		{6E786F2C-4EB7-4406-9274-392F13D492D6}.Debug|x86.ActiveCfg = Debug|Any CPU
		{6E786F2C-4EB7-4406-9274-392F13D492D6}.Debug|x86.Build.0 = Debug|Any CPU
		{6E786F2C-4EB7-4406-9274-392F13D492D6}.Release|Any CPU.ActiveCfg = Release|Any CPU
		{6E786F2C-4EB7-4406-9274-392F13D492D6}.Release|Any CPU.Build.0 = Release|Any CPU
		{6E786F2C-4EB7-4406-9274-392F13D492D6}.Release|ARM.ActiveCfg = Release|Any CPU
		{6E786F2C-4EB7-4406-9274-392F13D492D6}.Release|ARM.Build.0 = Release|Any CPU
		{6E786F2C-4EB7-4406-9274-392F13D492D6}.Release|x64.ActiveCfg = Release|Any CPU
		{6E786F2C-4EB7-4406-9274-392F13D492D6}.Release|x64.Build.0 = Release|Any CPU
		{6E786F2C-4EB7-4406-9274-392F13D492D6}.Release|x86.ActiveCfg = Release|Any CPU
		{6E786F2C-4EB7-4406-9274-392F13D492D6}.Release|x86.Build.0 = Release|Any CPU
		{8379BE4C-AA1B-49F9-834B-A934FBC3BCB5}.Debug|Any CPU.ActiveCfg = Debug|Any CPU
		{8379BE4C-AA1B-49F9-834B-A934FBC3BCB5}.Debug|Any CPU.Build.0 = Debug|Any CPU
		{8379BE4C-AA1B-49F9-834B-A934FBC3BCB5}.Debug|ARM.ActiveCfg = Debug|Any CPU
		{8379BE4C-AA1B-49F9-834B-A934FBC3BCB5}.Debug|ARM.Build.0 = Debug|Any CPU
		{8379BE4C-AA1B-49F9-834B-A934FBC3BCB5}.Debug|x64.ActiveCfg = Debug|Any CPU
		{8379BE4C-AA1B-49F9-834B-A934FBC3BCB5}.Debug|x64.Build.0 = Debug|Any CPU
		{8379BE4C-AA1B-49F9-834B-A934FBC3BCB5}.Debug|x86.ActiveCfg = Debug|Any CPU
		{8379BE4C-AA1B-49F9-834B-A934FBC3BCB5}.Debug|x86.Build.0 = Debug|Any CPU
		{8379BE4C-AA1B-49F9-834B-A934FBC3BCB5}.Release|Any CPU.ActiveCfg = Release|Any CPU
		{8379BE4C-AA1B-49F9-834B-A934FBC3BCB5}.Release|Any CPU.Build.0 = Release|Any CPU
		{8379BE4C-AA1B-49F9-834B-A934FBC3BCB5}.Release|ARM.ActiveCfg = Release|Any CPU
		{8379BE4C-AA1B-49F9-834B-A934FBC3BCB5}.Release|ARM.Build.0 = Release|Any CPU
		{8379BE4C-AA1B-49F9-834B-A934FBC3BCB5}.Release|x64.ActiveCfg = Release|Any CPU
		{8379BE4C-AA1B-49F9-834B-A934FBC3BCB5}.Release|x64.Build.0 = Release|Any CPU
		{8379BE4C-AA1B-49F9-834B-A934FBC3BCB5}.Release|x86.ActiveCfg = Release|Any CPU
		{8379BE4C-AA1B-49F9-834B-A934FBC3BCB5}.Release|x86.Build.0 = Release|Any CPU
		{174DC88F-D87D-4596-B16E-9D42E2450D9C}.Debug|Any CPU.ActiveCfg = Debug|Any CPU
		{174DC88F-D87D-4596-B16E-9D42E2450D9C}.Debug|Any CPU.Build.0 = Debug|Any CPU
		{174DC88F-D87D-4596-B16E-9D42E2450D9C}.Debug|ARM.ActiveCfg = Debug|Any CPU
		{174DC88F-D87D-4596-B16E-9D42E2450D9C}.Debug|ARM.Build.0 = Debug|Any CPU
		{174DC88F-D87D-4596-B16E-9D42E2450D9C}.Debug|x64.ActiveCfg = Debug|Any CPU
		{174DC88F-D87D-4596-B16E-9D42E2450D9C}.Debug|x64.Build.0 = Debug|Any CPU
		{174DC88F-D87D-4596-B16E-9D42E2450D9C}.Debug|x86.ActiveCfg = Debug|Any CPU
		{174DC88F-D87D-4596-B16E-9D42E2450D9C}.Debug|x86.Build.0 = Debug|Any CPU
		{174DC88F-D87D-4596-B16E-9D42E2450D9C}.Release|Any CPU.ActiveCfg = Release|Any CPU
		{174DC88F-D87D-4596-B16E-9D42E2450D9C}.Release|Any CPU.Build.0 = Release|Any CPU
		{174DC88F-D87D-4596-B16E-9D42E2450D9C}.Release|ARM.ActiveCfg = Release|Any CPU
		{174DC88F-D87D-4596-B16E-9D42E2450D9C}.Release|ARM.Build.0 = Release|Any CPU
		{174DC88F-D87D-4596-B16E-9D42E2450D9C}.Release|x64.ActiveCfg = Release|Any CPU
		{174DC88F-D87D-4596-B16E-9D42E2450D9C}.Release|x64.Build.0 = Release|Any CPU
		{174DC88F-D87D-4596-B16E-9D42E2450D9C}.Release|x86.ActiveCfg = Release|Any CPU
		{174DC88F-D87D-4596-B16E-9D42E2450D9C}.Release|x86.Build.0 = Release|Any CPU
	EndGlobalSection
	GlobalSection(SolutionProperties) = preSolution
		HideSolutionNode = FALSE
	EndGlobalSection
	GlobalSection(NestedProjects) = preSolution
		{4480AD73-B513-4714-9EEA-B5AE011C1B0E} = {F7315C17-4F9E-4050-9EDB-FE818EFCAD49}
		{AB134555-EBE0-4F6C-B2BC-26CD6014AAB4} = {F7315C17-4F9E-4050-9EDB-FE818EFCAD49}
		{C696868A-D058-4996-A0F7-C1B738A38A94} = {F7315C17-4F9E-4050-9EDB-FE818EFCAD49}
		{6E786F2C-4EB7-4406-9274-392F13D492D6} = {F7315C17-4F9E-4050-9EDB-FE818EFCAD49}
		{8379BE4C-AA1B-49F9-834B-A934FBC3BCB5} = {F7315C17-4F9E-4050-9EDB-FE818EFCAD49}
		{174DC88F-D87D-4596-B16E-9D42E2450D9C} = {F7315C17-4F9E-4050-9EDB-FE818EFCAD49}
	EndGlobalSection
	GlobalSection(ExtensibilityGlobals) = postSolution
		SolutionGuid = {CFE8AFBD-52FF-49C8-9323-B1F40DF92918}
	EndGlobalSection
EndGlobal
